// !$*UTF8*$!
{
	archiveVersion = 1;
	classes = {
	};
	objectVersion = 51;
	objects = {

/* Begin PBXBuildFile section */
		4095F80325FD36A400913F1B /* UpcomingContestTest.swift in Sources */ = {isa = PBXBuildFile; fileRef = 4095F80225FD36A400913F1B /* UpcomingContestTest.swift */; };
		4095F80825FD36CF00913F1B /* UpcomingContestGameTest.swift in Sources */ = {isa = PBXBuildFile; fileRef = 4095F80725FD36CF00913F1B /* UpcomingContestGameTest.swift */; };
		4095F8422606547100913F1B /* SentInvitationUnitTests.swift in Sources */ = {isa = PBXBuildFile; fileRef = 4095F8412606547100913F1B /* SentInvitationUnitTests.swift */; };
		4095F84F2606553700913F1B /* ReceivedInvitationUnitTests.swift in Sources */ = {isa = PBXBuildFile; fileRef = 4095F84E2606553700913F1B /* ReceivedInvitationUnitTests.swift */; };
		780CC5543B010C56AF333A05 /* Pods_BrokeBets.framework in Frameworks */ = {isa = PBXBuildFile; fileRef = DA770B23555B11C24054428D /* Pods_BrokeBets.framework */; };
		84464B7325FD2B640046B0CF /* CompletedContestGameUnitTests.swift in Sources */ = {isa = PBXBuildFile; fileRef = 84464B7225FD2B640046B0CF /* CompletedContestGameUnitTests.swift */; };
		845D3ADC25FD106B00DEE76A /* CompletedContestsUnitTests.swift in Sources */ = {isa = PBXBuildFile; fileRef = 845D3ADB25FD106B00DEE76A /* CompletedContestsUnitTests.swift */; };
		8473F82125F493A7005BC632 /* InProgressContestListView.swift in Sources */ = {isa = PBXBuildFile; fileRef = 8473F82025F493A7005BC632 /* InProgressContestListView.swift */; };
		84B8EF6525FEC988009BFA04 /* DraftUnitTests.swift in Sources */ = {isa = PBXBuildFile; fileRef = 84B8EF6425FEC988009BFA04 /* DraftUnitTests.swift */; };
		84CB814325FFF75700845340 /* DraftRoundUnitTests.swift in Sources */ = {isa = PBXBuildFile; fileRef = 84CB814225FFF75700845340 /* DraftRoundUnitTests.swift */; };
		84CB814825FFF78100845340 /* DraftGameUnitTests.swift in Sources */ = {isa = PBXBuildFile; fileRef = 84CB814725FFF78100845340 /* DraftGameUnitTests.swift */; };
		A62EBD295F56B79163046937 /* Pods_BrokeBets_BrokeBetsUITests.framework in Frameworks */ = {isa = PBXBuildFile; fileRef = 097BB6BE178A92D74989CC75 /* Pods_BrokeBets_BrokeBetsUITests.framework */; };
		CA2476A325FEEF2000B136FE /* InProgressContestUnitTest.swift in Sources */ = {isa = PBXBuildFile; fileRef = CA2476A225FEEF2000B136FE /* InProgressContestUnitTest.swift */; };
		CA2476AB25FEEF3D00B136FE /* InProgressContestGameTest.swift in Sources */ = {isa = PBXBuildFile; fileRef = CA2476AA25FEEF3D00B136FE /* InProgressContestGameTest.swift */; };
		CA55357D25F401F00054DB21 /* OpponentSearchView.swift in Sources */ = {isa = PBXBuildFile; fileRef = CA55357C25F401F00054DB21 /* OpponentSearchView.swift */; };
		D7F25272195959FCDE4D2795 /* Pods_BrokeBetsTests.framework in Frameworks */ = {isa = PBXBuildFile; fileRef = BFE799F47475663F47858987 /* Pods_BrokeBetsTests.framework */; };
		E301E84B2600ED20001BD186 /* ReceivedInvitationsListView.swift in Sources */ = {isa = PBXBuildFile; fileRef = E301E84A2600ED20001BD186 /* ReceivedInvitationsListView.swift */; };
		E301E8502600ED69001BD186 /* ReceivedInvitationView.swift in Sources */ = {isa = PBXBuildFile; fileRef = E301E84F2600ED69001BD186 /* ReceivedInvitationView.swift */; };
		E301E8552600EE32001BD186 /* AcceptButtonView.swift in Sources */ = {isa = PBXBuildFile; fileRef = E301E8542600EE32001BD186 /* AcceptButtonView.swift */; };
		E301E85A2600F0DA001BD186 /* DeclineButtonView.swift in Sources */ = {isa = PBXBuildFile; fileRef = E301E8592600F0DA001BD186 /* DeclineButtonView.swift */; };
		E301E8642600FB5E001BD186 /* SentInvitationsListView.swift in Sources */ = {isa = PBXBuildFile; fileRef = E301E8632600FB5E001BD186 /* SentInvitationsListView.swift */; };
		E301E86C26010058001BD186 /* SentInvitationView.swift in Sources */ = {isa = PBXBuildFile; fileRef = E301E86B26010058001BD186 /* SentInvitationView.swift */; };
		E301E871260109EA001BD186 /* ReceivedInvitation.swift in Sources */ = {isa = PBXBuildFile; fileRef = E301E870260109EA001BD186 /* ReceivedInvitation.swift */; };
		E301E87626010D2B001BD186 /* SentInvitation.swift in Sources */ = {isa = PBXBuildFile; fileRef = E301E87526010D2B001BD186 /* SentInvitation.swift */; };
		E30C2A7325ED99A0000A04CA /* ProfileModalView.swift in Sources */ = {isa = PBXBuildFile; fileRef = E30C2A7225ED99A0000A04CA /* ProfileModalView.swift */; };
		E30E773125F44AC40069876D /* OpponentSearchVM.swift in Sources */ = {isa = PBXBuildFile; fileRef = E30E773025F44AC40069876D /* OpponentSearchVM.swift */; };
		E328B6B125F42C6F0027EBB3 /* InProgressContestsListVM.swift in Sources */ = {isa = PBXBuildFile; fileRef = E328B6B025F42C6F0027EBB3 /* InProgressContestsListVM.swift */; };
		E3292EB725E57707007189EC /* CustomRoundedRect.swift in Sources */ = {isa = PBXBuildFile; fileRef = E3292EB625E57707007189EC /* CustomRoundedRect.swift */; };
		E3292EBC25E57E27007189EC /* CompletedContestView.swift in Sources */ = {isa = PBXBuildFile; fileRef = E3292EBB25E57E27007189EC /* CompletedContestView.swift */; };
		E3292EC425E5BBDF007189EC /* CompletedContestsRepository.swift in Sources */ = {isa = PBXBuildFile; fileRef = E3292EC325E5BBDF007189EC /* CompletedContestsRepository.swift */; };
		E3292EC925E5BC74007189EC /* CompletedContest.swift in Sources */ = {isa = PBXBuildFile; fileRef = E3292EC825E5BC74007189EC /* CompletedContest.swift */; };
		E3292ECE25E5BC88007189EC /* CompletedContestGame.swift in Sources */ = {isa = PBXBuildFile; fileRef = E3292ECD25E5BC88007189EC /* CompletedContestGame.swift */; };
		E3292ED325E6E0C7007189EC /* CreateUsernameView.swift in Sources */ = {isa = PBXBuildFile; fileRef = E3292ED225E6E0C7007189EC /* CreateUsernameView.swift */; };
		E3292ED825E6E129007189EC /* CreateUsernameVM.swift in Sources */ = {isa = PBXBuildFile; fileRef = E3292ED725E6E129007189EC /* CreateUsernameVM.swift */; };
		E342063725DC6202000CCE7A /* LoginViewV2.swift in Sources */ = {isa = PBXBuildFile; fileRef = E342063625DC6202000CCE7A /* LoginViewV2.swift */; };
		E343348925DDC578004027C3 /* UpcomingContestGameView.swift in Sources */ = {isa = PBXBuildFile; fileRef = E343348825DDC578004027C3 /* UpcomingContestGameView.swift */; };
		E34D80E325F97EFB0083849C /* DraftBetCapsule.swift in Sources */ = {isa = PBXBuildFile; fileRef = E34D80E225F97EFB0083849C /* DraftBetCapsule.swift */; };
		E34D80EB25F989440083849C /* DraftPickSelectionView.swift in Sources */ = {isa = PBXBuildFile; fileRef = E34D80EA25F989440083849C /* DraftPickSelectionView.swift */; };
		E36039B825F3E937005BFC15 /* InProgressContestGameVM.swift in Sources */ = {isa = PBXBuildFile; fileRef = E36039B725F3E937005BFC15 /* InProgressContestGameVM.swift */; };
		E3809B782600EAAB00443E46 /* InvitationsView.swift in Sources */ = {isa = PBXBuildFile; fileRef = E3809B772600EAAB00443E46 /* InvitationsView.swift */; };
		E38B7FC925D82A8D008D8399 /* UIKitTabView.swift in Sources */ = {isa = PBXBuildFile; fileRef = E38B7FC825D82A8D008D8399 /* UIKitTabView.swift */; };
		E38B7FCE25D82AA8008D8399 /* TopTabs.swift in Sources */ = {isa = PBXBuildFile; fileRef = E38B7FCD25D82AA8008D8399 /* TopTabs.swift */; };
		E38B7FD325D82AF1008D8399 /* MainAppView.swift in Sources */ = {isa = PBXBuildFile; fileRef = E38B7FD225D82AF1008D8399 /* MainAppView.swift */; };
		E38B7FD825D82B6A008D8399 /* ContestsView.swift in Sources */ = {isa = PBXBuildFile; fileRef = E38B7FD725D82B6A008D8399 /* ContestsView.swift */; };
		E38B7FDE25D82BE5008D8399 /* UpcomingContestsListView.swift in Sources */ = {isa = PBXBuildFile; fileRef = E38B7FDD25D82BE5008D8399 /* UpcomingContestsListView.swift */; };
		E38B7FE725D82E27008D8399 /* UITabBarController+Extensions.swift in Sources */ = {isa = PBXBuildFile; fileRef = E38B7FE625D82E27008D8399 /* UITabBarController+Extensions.swift */; };
		E38B7FEF25D82E67008D8399 /* UINavigationController+Extensions.swift in Sources */ = {isa = PBXBuildFile; fileRef = E38B7FEE25D82E67008D8399 /* UINavigationController+Extensions.swift */; };
		E38C528E25F2F0C1005C659B /* InProgressGamesListView.swift in Sources */ = {isa = PBXBuildFile; fileRef = E38C528D25F2F0C1005C659B /* InProgressGamesListView.swift */; };
		E394BDF925CDD434002C89B9 /* BrokeBetsApp.swift in Sources */ = {isa = PBXBuildFile; fileRef = E394BDF825CDD434002C89B9 /* BrokeBetsApp.swift */; };
		E394BDFB25CDD434002C89B9 /* RootAppView.swift in Sources */ = {isa = PBXBuildFile; fileRef = E394BDFA25CDD434002C89B9 /* RootAppView.swift */; };
		E394BDFD25CDD435002C89B9 /* Assets.xcassets in Resources */ = {isa = PBXBuildFile; fileRef = E394BDFC25CDD435002C89B9 /* Assets.xcassets */; };
		E394BE0025CDD435002C89B9 /* Preview Assets.xcassets in Resources */ = {isa = PBXBuildFile; fileRef = E394BDFF25CDD435002C89B9 /* Preview Assets.xcassets */; };
		E394BE0B25CDD435002C89B9 /* BrokeBetsTests.swift in Sources */ = {isa = PBXBuildFile; fileRef = E394BE0A25CDD435002C89B9 /* BrokeBetsTests.swift */; };
		E394BE1625CDD435002C89B9 /* BrokeBetsUITests.swift in Sources */ = {isa = PBXBuildFile; fileRef = E394BE1525CDD435002C89B9 /* BrokeBetsUITests.swift */; };
		E39884D32602BBEE00E8EA5A /* CreateContestInvitationService.swift in Sources */ = {isa = PBXBuildFile; fileRef = E39884D22602BBEE00E8EA5A /* CreateContestInvitationService.swift */; };
		E39884D82603BCFE00E8EA5A /* SplashScreen.swift in Sources */ = {isa = PBXBuildFile; fileRef = E39884D72603BCFE00E8EA5A /* SplashScreen.swift */; };
		E39884DD2603E44100E8EA5A /* LoadingView.swift in Sources */ = {isa = PBXBuildFile; fileRef = E39884DC2603E44100E8EA5A /* LoadingView.swift */; };
		E39884E5260506EB00E8EA5A /* AnimatedSuccessHUD.swift in Sources */ = {isa = PBXBuildFile; fileRef = E39884E4260506EB00E8EA5A /* AnimatedSuccessHUD.swift */; };
		E3997E2E25EACCFD00530C26 /* CompletedContestsListView.swift in Sources */ = {isa = PBXBuildFile; fileRef = E3997E2D25EACCFD00530C26 /* CompletedContestsListView.swift */; };
		E3997E3325EACD7A00530C26 /* CompletedContestsListVM.swift in Sources */ = {isa = PBXBuildFile; fileRef = E3997E3225EACD7A00530C26 /* CompletedContestsListVM.swift */; };
		E39EE88825F69C220027968E /* AvailableDraftGameView.swift in Sources */ = {isa = PBXBuildFile; fileRef = E39EE88725F69C220027968E /* AvailableDraftGameView.swift */; };
		E39EE88D25F6CF800027968E /* DraftBoardView.swift in Sources */ = {isa = PBXBuildFile; fileRef = E39EE88C25F6CF800027968E /* DraftBoardView.swift */; };
		E39EE89225F7C8D50027968E /* DraftView.swift in Sources */ = {isa = PBXBuildFile; fileRef = E39EE89125F7C8D50027968E /* DraftView.swift */; };
		E39EE89725F7CFDF0027968E /* DraftsListView.swift in Sources */ = {isa = PBXBuildFile; fileRef = E39EE89625F7CFDF0027968E /* DraftsListView.swift */; };
		E39EE89C25F924340027968E /* DraftsRepository.swift in Sources */ = {isa = PBXBuildFile; fileRef = E39EE89B25F924340027968E /* DraftsRepository.swift */; };
		E39EE8A125F926BB0027968E /* Draft.swift in Sources */ = {isa = PBXBuildFile; fileRef = E39EE8A025F926BB0027968E /* Draft.swift */; };
		E39EE8A625F926CB0027968E /* DraftRound.swift in Sources */ = {isa = PBXBuildFile; fileRef = E39EE8A525F926CB0027968E /* DraftRound.swift */; };
		E39EE8AB25F93EC10027968E /* DraftGame.swift in Sources */ = {isa = PBXBuildFile; fileRef = E39EE8AA25F93EC10027968E /* DraftGame.swift */; };
		E39EE8B025F9514B0027968E /* DraftsListVM.swift in Sources */ = {isa = PBXBuildFile; fileRef = E39EE8AF25F9514B0027968E /* DraftsListVM.swift */; };
		E3B621E125DEEBBD00B3ACE3 /* UserService.swift in Sources */ = {isa = PBXBuildFile; fileRef = E3B621E025DEEBBD00B3ACE3 /* UserService.swift */; };
		E3B621E925DF0BB500B3ACE3 /* EntireBetslipCompletedGameView.swift in Sources */ = {isa = PBXBuildFile; fileRef = E3B621E825DF0BB500B3ACE3 /* EntireBetslipCompletedGameView.swift */; };
		E3B621F125DF0FF100B3ACE3 /* CompletedContestBetslipGameView.swift in Sources */ = {isa = PBXBuildFile; fileRef = E3B621F025DF0FF100B3ACE3 /* CompletedContestBetslipGameView.swift */; };
		E3BA0EF525E048A900D9C041 /* UpcomingContestGamesListView.swift in Sources */ = {isa = PBXBuildFile; fileRef = E3BA0EF425E048A900D9C041 /* UpcomingContestGamesListView.swift */; };
		E3BA0F0425E1537900D9C041 /* UpcomingContestsListVM.swift in Sources */ = {isa = PBXBuildFile; fileRef = E3BA0F0325E1537900D9C041 /* UpcomingContestsListVM.swift */; };
		E3BA0F0C25E153C400D9C041 /* UpcomingContestsRepository.swift in Sources */ = {isa = PBXBuildFile; fileRef = E3BA0F0B25E153C400D9C041 /* UpcomingContestsRepository.swift */; };
		E3BA0F1425E153EF00D9C041 /* UpcomingContest.swift in Sources */ = {isa = PBXBuildFile; fileRef = E3BA0F1325E153EF00D9C041 /* UpcomingContest.swift */; };
		E3BA0F1C25E154C100D9C041 /* UpcomingContestGame.swift in Sources */ = {isa = PBXBuildFile; fileRef = E3BA0F1B25E154C100D9C041 /* UpcomingContestGame.swift */; };
		E3BA2E1726010FDB00EAF404 /* ReceivedInvitationsRepository.swift in Sources */ = {isa = PBXBuildFile; fileRef = E3BA2E1626010FDB00EAF404 /* ReceivedInvitationsRepository.swift */; };
		E3BA2E1D2601144400EAF404 /* ReceivedInvitationsListVM.swift in Sources */ = {isa = PBXBuildFile; fileRef = E3BA2E1C2601144400EAF404 /* ReceivedInvitationsListVM.swift */; };
		E3BA2E25260119D800EAF404 /* SentInvitationsListVM.swift in Sources */ = {isa = PBXBuildFile; fileRef = E3BA2E24260119D800EAF404 /* SentInvitationsListVM.swift */; };
		E3BA2E2A260119F800EAF404 /* SentInvitationsRepository.swift in Sources */ = {isa = PBXBuildFile; fileRef = E3BA2E29260119F800EAF404 /* SentInvitationsRepository.swift */; };
		E3BB7AB02612623D00097DCC /* launchScreen.storyboard in Resources */ = {isa = PBXBuildFile; fileRef = E3BB7AAF2612623D00097DCC /* launchScreen.storyboard */; };
		E3BB843525F3C5A6008121C8 /* InProgressContestGamesListVM.swift in Sources */ = {isa = PBXBuildFile; fileRef = E3BB843425F3C5A6008121C8 /* InProgressContestGamesListVM.swift */; };
		E3BBF30B25FD757900EEAF90 /* DraftBoardVM.swift in Sources */ = {isa = PBXBuildFile; fileRef = E3BBF30A25FD757900EEAF90 /* DraftBoardVM.swift */; };
		E3C9685E25DD7D100097963E /* LoginView.swift in Sources */ = {isa = PBXBuildFile; fileRef = E3C9685D25DD7D100097963E /* LoginView.swift */; };
		E3C9688025DD7FF90097963E /* SignInWithGoogleButton.swift in Sources */ = {isa = PBXBuildFile; fileRef = E3C9687F25DD7FF90097963E /* SignInWithGoogleButton.swift */; };
		E3C9688525DD90680097963E /* String+Extensions.swift in Sources */ = {isa = PBXBuildFile; fileRef = E3C9688425DD90680097963E /* String+Extensions.swift */; };
		E3C9689025DDA68C0097963E /* UpcomingContestView.swift in Sources */ = {isa = PBXBuildFile; fileRef = E3C9688F25DDA68C0097963E /* UpcomingContestView.swift */; };
		E3C9E1B125F5788F00B719B9 /* CreateContestVM.swift in Sources */ = {isa = PBXBuildFile; fileRef = E3C9E1B025F5788F00B719B9 /* CreateContestVM.swift */; };
		E3C9E1CA25F5CA5000B719B9 /* TimeFormatStringUnitTests.swift in Sources */ = {isa = PBXBuildFile; fileRef = E3C9E1C925F5CA5000B719B9 /* TimeFormatStringUnitTests.swift */; };
		E3D8E3E225EC069000A3A88E /* CompletedContestGamesListView.swift in Sources */ = {isa = PBXBuildFile; fileRef = E3D8E3E125EC069000A3A88E /* CompletedContestGamesListView.swift */; };
		E3D8E3E725EC070700A3A88E /* CompletedContestGameView.swift in Sources */ = {isa = PBXBuildFile; fileRef = E3D8E3E625EC070700A3A88E /* CompletedContestGameView.swift */; };
		E3DCE9F725F2871100B063A3 /* ChosenOpponentChip.swift in Sources */ = {isa = PBXBuildFile; fileRef = E3DCE9F625F2871100B063A3 /* ChosenOpponentChip.swift */; };
		E3E3FFF025FBD96000892B5C /* DraftPickSelectionVM.swift in Sources */ = {isa = PBXBuildFile; fileRef = E3E3FFEF25FBD96000892B5C /* DraftPickSelectionVM.swift */; };
		E3E43CAD25EC6A0C00226BBE /* DateFormatStringUnitTests.swift in Sources */ = {isa = PBXBuildFile; fileRef = E3E43CAC25EC6A0C00226BBE /* DateFormatStringUnitTests.swift */; };
		E3E5C71825F19F0800AAB992 /* InProgressGameView.swift in Sources */ = {isa = PBXBuildFile; fileRef = E3E5C71725F19F0800AAB992 /* InProgressGameView.swift */; };
		E3EA6C2825FEBCD90019AAC0 /* RootAppVM.swift in Sources */ = {isa = PBXBuildFile; fileRef = E3EA6C2725FEBCD90019AAC0 /* RootAppVM.swift */; };
		E3EA6C3025FEBDB10019AAC0 /* AppState.swift in Sources */ = {isa = PBXBuildFile; fileRef = E3EA6C2F25FEBDB10019AAC0 /* AppState.swift */; };
		E3EA6C3525FEBE150019AAC0 /* UserScreenInfo.swift in Sources */ = {isa = PBXBuildFile; fileRef = E3EA6C3425FEBE150019AAC0 /* UserScreenInfo.swift */; };
		E3EE112026067E9E0035A4EC /* DraftPickSelection.swift in Sources */ = {isa = PBXBuildFile; fileRef = E3EE111F26067E9E0035A4EC /* DraftPickSelection.swift */; };
		E3EE11282606C2C60035A4EC /* GoogleService-Info.plist in Resources */ = {isa = PBXBuildFile; fileRef = E3EE11272606C2C60035A4EC /* GoogleService-Info.plist */; };
		E3F52D5F25EFEB99009B10CE /* InProgressContest.swift in Sources */ = {isa = PBXBuildFile; fileRef = E3F52D5E25EFEB99009B10CE /* InProgressContest.swift */; };
		E3F52D6425F02C3F009B10CE /* InProgressContestsRepository.swift in Sources */ = {isa = PBXBuildFile; fileRef = E3F52D6325F02C3F009B10CE /* InProgressContestsRepository.swift */; };
		E3F52D6925F0352B009B10CE /* InProgressContestGame.swift in Sources */ = {isa = PBXBuildFile; fileRef = E3F52D6825F0352B009B10CE /* InProgressContestGame.swift */; };
		E3F52D6E25F057A2009B10CE /* LiveGameScoreboard.swift in Sources */ = {isa = PBXBuildFile; fileRef = E3F52D6D25F057A2009B10CE /* LiveGameScoreboard.swift */; };
		E3F52D7425F1329A009B10CE /* CreateContestView.swift in Sources */ = {isa = PBXBuildFile; fileRef = E3F52D7325F1329A009B10CE /* CreateContestView.swift */; };
		E3F52D7A25F18177009B10CE /* InProgressContestView.swift in Sources */ = {isa = PBXBuildFile; fileRef = E3F52D7925F18177009B10CE /* InProgressContestView.swift */; };
/* End PBXBuildFile section */

/* Begin PBXContainerItemProxy section */
		E394BE0725CDD435002C89B9 /* PBXContainerItemProxy */ = {
			isa = PBXContainerItemProxy;
			containerPortal = E394BDED25CDD434002C89B9 /* Project object */;
			proxyType = 1;
			remoteGlobalIDString = E394BDF425CDD434002C89B9;
			remoteInfo = BrokeBets;
		};
		E394BE1225CDD435002C89B9 /* PBXContainerItemProxy */ = {
			isa = PBXContainerItemProxy;
			containerPortal = E394BDED25CDD434002C89B9 /* Project object */;
			proxyType = 1;
			remoteGlobalIDString = E394BDF425CDD434002C89B9;
			remoteInfo = BrokeBets;
		};
/* End PBXContainerItemProxy section */

/* Begin PBXFileReference section */
		097BB6BE178A92D74989CC75 /* Pods_BrokeBets_BrokeBetsUITests.framework */ = {isa = PBXFileReference; explicitFileType = wrapper.framework; includeInIndex = 0; path = Pods_BrokeBets_BrokeBetsUITests.framework; sourceTree = BUILT_PRODUCTS_DIR; };
		1F98490B460D6530CB2D949E /* Pods-BrokeBets-BrokeBetsUITests.debug.xcconfig */ = {isa = PBXFileReference; includeInIndex = 1; lastKnownFileType = text.xcconfig; name = "Pods-BrokeBets-BrokeBetsUITests.debug.xcconfig"; path = "Target Support Files/Pods-BrokeBets-BrokeBetsUITests/Pods-BrokeBets-BrokeBetsUITests.debug.xcconfig"; sourceTree = "<group>"; };
		4095F80225FD36A400913F1B /* UpcomingContestTest.swift */ = {isa = PBXFileReference; lastKnownFileType = sourcecode.swift; path = UpcomingContestTest.swift; sourceTree = "<group>"; };
		4095F80725FD36CF00913F1B /* UpcomingContestGameTest.swift */ = {isa = PBXFileReference; lastKnownFileType = sourcecode.swift; path = UpcomingContestGameTest.swift; sourceTree = "<group>"; };
		4095F8412606547100913F1B /* SentInvitationUnitTests.swift */ = {isa = PBXFileReference; lastKnownFileType = sourcecode.swift; path = SentInvitationUnitTests.swift; sourceTree = "<group>"; };
		4095F84E2606553700913F1B /* ReceivedInvitationUnitTests.swift */ = {isa = PBXFileReference; lastKnownFileType = sourcecode.swift; path = ReceivedInvitationUnitTests.swift; sourceTree = "<group>"; };
		40C596F50F10E2D82C5EE325 /* Pods-BrokeBets.release.xcconfig */ = {isa = PBXFileReference; includeInIndex = 1; lastKnownFileType = text.xcconfig; name = "Pods-BrokeBets.release.xcconfig"; path = "Target Support Files/Pods-BrokeBets/Pods-BrokeBets.release.xcconfig"; sourceTree = "<group>"; };
		71EED93567F6274CBA95B207 /* Pods-BrokeBets.debug.xcconfig */ = {isa = PBXFileReference; includeInIndex = 1; lastKnownFileType = text.xcconfig; name = "Pods-BrokeBets.debug.xcconfig"; path = "Target Support Files/Pods-BrokeBets/Pods-BrokeBets.debug.xcconfig"; sourceTree = "<group>"; };
		84464B7225FD2B640046B0CF /* CompletedContestGameUnitTests.swift */ = {isa = PBXFileReference; lastKnownFileType = sourcecode.swift; path = CompletedContestGameUnitTests.swift; sourceTree = "<group>"; };
		845D3ADB25FD106B00DEE76A /* CompletedContestsUnitTests.swift */ = {isa = PBXFileReference; lastKnownFileType = sourcecode.swift; path = CompletedContestsUnitTests.swift; sourceTree = "<group>"; };
		8473F82025F493A7005BC632 /* InProgressContestListView.swift */ = {isa = PBXFileReference; lastKnownFileType = sourcecode.swift; path = InProgressContestListView.swift; sourceTree = "<group>"; };
		84B8EF6425FEC988009BFA04 /* DraftUnitTests.swift */ = {isa = PBXFileReference; lastKnownFileType = sourcecode.swift; path = DraftUnitTests.swift; sourceTree = "<group>"; };
		84CB814225FFF75700845340 /* DraftRoundUnitTests.swift */ = {isa = PBXFileReference; lastKnownFileType = sourcecode.swift; path = DraftRoundUnitTests.swift; sourceTree = "<group>"; };
		84CB814725FFF78100845340 /* DraftGameUnitTests.swift */ = {isa = PBXFileReference; lastKnownFileType = sourcecode.swift; path = DraftGameUnitTests.swift; sourceTree = "<group>"; };
		BFE799F47475663F47858987 /* Pods_BrokeBetsTests.framework */ = {isa = PBXFileReference; explicitFileType = wrapper.framework; includeInIndex = 0; path = Pods_BrokeBetsTests.framework; sourceTree = BUILT_PRODUCTS_DIR; };
		CA2476A225FEEF2000B136FE /* InProgressContestUnitTest.swift */ = {isa = PBXFileReference; lastKnownFileType = sourcecode.swift; path = InProgressContestUnitTest.swift; sourceTree = "<group>"; };
		CA2476AA25FEEF3D00B136FE /* InProgressContestGameTest.swift */ = {isa = PBXFileReference; lastKnownFileType = sourcecode.swift; path = InProgressContestGameTest.swift; sourceTree = "<group>"; };
		CA55357C25F401F00054DB21 /* OpponentSearchView.swift */ = {isa = PBXFileReference; lastKnownFileType = sourcecode.swift; path = OpponentSearchView.swift; sourceTree = "<group>"; };
		CC6F103B9C84320B302281C0 /* Pods-BrokeBetsTests.debug.xcconfig */ = {isa = PBXFileReference; includeInIndex = 1; lastKnownFileType = text.xcconfig; name = "Pods-BrokeBetsTests.debug.xcconfig"; path = "Target Support Files/Pods-BrokeBetsTests/Pods-BrokeBetsTests.debug.xcconfig"; sourceTree = "<group>"; };
		D8597B5732F19E9C927F860A /* Pods-BrokeBetsTests.release.xcconfig */ = {isa = PBXFileReference; includeInIndex = 1; lastKnownFileType = text.xcconfig; name = "Pods-BrokeBetsTests.release.xcconfig"; path = "Target Support Files/Pods-BrokeBetsTests/Pods-BrokeBetsTests.release.xcconfig"; sourceTree = "<group>"; };
		DA770B23555B11C24054428D /* Pods_BrokeBets.framework */ = {isa = PBXFileReference; explicitFileType = wrapper.framework; includeInIndex = 0; path = Pods_BrokeBets.framework; sourceTree = BUILT_PRODUCTS_DIR; };
		E301E84A2600ED20001BD186 /* ReceivedInvitationsListView.swift */ = {isa = PBXFileReference; lastKnownFileType = sourcecode.swift; path = ReceivedInvitationsListView.swift; sourceTree = "<group>"; };
		E301E84F2600ED69001BD186 /* ReceivedInvitationView.swift */ = {isa = PBXFileReference; lastKnownFileType = sourcecode.swift; path = ReceivedInvitationView.swift; sourceTree = "<group>"; };
		E301E8542600EE32001BD186 /* AcceptButtonView.swift */ = {isa = PBXFileReference; lastKnownFileType = sourcecode.swift; path = AcceptButtonView.swift; sourceTree = "<group>"; };
		E301E8592600F0DA001BD186 /* DeclineButtonView.swift */ = {isa = PBXFileReference; lastKnownFileType = sourcecode.swift; path = DeclineButtonView.swift; sourceTree = "<group>"; };
		E301E8632600FB5E001BD186 /* SentInvitationsListView.swift */ = {isa = PBXFileReference; lastKnownFileType = sourcecode.swift; path = SentInvitationsListView.swift; sourceTree = "<group>"; };
		E301E86B26010058001BD186 /* SentInvitationView.swift */ = {isa = PBXFileReference; lastKnownFileType = sourcecode.swift; path = SentInvitationView.swift; sourceTree = "<group>"; };
		E301E870260109EA001BD186 /* ReceivedInvitation.swift */ = {isa = PBXFileReference; lastKnownFileType = sourcecode.swift; path = ReceivedInvitation.swift; sourceTree = "<group>"; };
		E301E87526010D2B001BD186 /* SentInvitation.swift */ = {isa = PBXFileReference; lastKnownFileType = sourcecode.swift; path = SentInvitation.swift; sourceTree = "<group>"; };
		E30C2A7225ED99A0000A04CA /* ProfileModalView.swift */ = {isa = PBXFileReference; lastKnownFileType = sourcecode.swift; path = ProfileModalView.swift; sourceTree = "<group>"; };
		E30E773025F44AC40069876D /* OpponentSearchVM.swift */ = {isa = PBXFileReference; lastKnownFileType = sourcecode.swift; path = OpponentSearchVM.swift; sourceTree = "<group>"; };
		E328B6B025F42C6F0027EBB3 /* InProgressContestsListVM.swift */ = {isa = PBXFileReference; lastKnownFileType = sourcecode.swift; path = InProgressContestsListVM.swift; sourceTree = "<group>"; };
		E3292EB625E57707007189EC /* CustomRoundedRect.swift */ = {isa = PBXFileReference; lastKnownFileType = sourcecode.swift; path = CustomRoundedRect.swift; sourceTree = "<group>"; };
		E3292EBB25E57E27007189EC /* CompletedContestView.swift */ = {isa = PBXFileReference; lastKnownFileType = sourcecode.swift; path = CompletedContestView.swift; sourceTree = "<group>"; };
		E3292EC325E5BBDF007189EC /* CompletedContestsRepository.swift */ = {isa = PBXFileReference; lastKnownFileType = sourcecode.swift; path = CompletedContestsRepository.swift; sourceTree = "<group>"; };
		E3292EC825E5BC74007189EC /* CompletedContest.swift */ = {isa = PBXFileReference; lastKnownFileType = sourcecode.swift; path = CompletedContest.swift; sourceTree = "<group>"; };
		E3292ECD25E5BC88007189EC /* CompletedContestGame.swift */ = {isa = PBXFileReference; lastKnownFileType = sourcecode.swift; path = CompletedContestGame.swift; sourceTree = "<group>"; };
		E3292ED225E6E0C7007189EC /* CreateUsernameView.swift */ = {isa = PBXFileReference; lastKnownFileType = sourcecode.swift; path = CreateUsernameView.swift; sourceTree = "<group>"; };
		E3292ED725E6E129007189EC /* CreateUsernameVM.swift */ = {isa = PBXFileReference; lastKnownFileType = sourcecode.swift; path = CreateUsernameVM.swift; sourceTree = "<group>"; };
		E342063625DC6202000CCE7A /* LoginViewV2.swift */ = {isa = PBXFileReference; lastKnownFileType = sourcecode.swift; path = LoginViewV2.swift; sourceTree = "<group>"; };
		E343348825DDC578004027C3 /* UpcomingContestGameView.swift */ = {isa = PBXFileReference; lastKnownFileType = sourcecode.swift; path = UpcomingContestGameView.swift; sourceTree = "<group>"; };
		E34D80E225F97EFB0083849C /* DraftBetCapsule.swift */ = {isa = PBXFileReference; lastKnownFileType = sourcecode.swift; path = DraftBetCapsule.swift; sourceTree = "<group>"; };
		E34D80EA25F989440083849C /* DraftPickSelectionView.swift */ = {isa = PBXFileReference; lastKnownFileType = sourcecode.swift; path = DraftPickSelectionView.swift; sourceTree = "<group>"; };
		E36039B725F3E937005BFC15 /* InProgressContestGameVM.swift */ = {isa = PBXFileReference; lastKnownFileType = sourcecode.swift; path = InProgressContestGameVM.swift; sourceTree = "<group>"; };
		E3809B772600EAAB00443E46 /* InvitationsView.swift */ = {isa = PBXFileReference; lastKnownFileType = sourcecode.swift; path = InvitationsView.swift; sourceTree = "<group>"; };
		E38B7FC825D82A8D008D8399 /* UIKitTabView.swift */ = {isa = PBXFileReference; lastKnownFileType = sourcecode.swift; path = UIKitTabView.swift; sourceTree = "<group>"; };
		E38B7FCD25D82AA8008D8399 /* TopTabs.swift */ = {isa = PBXFileReference; lastKnownFileType = sourcecode.swift; path = TopTabs.swift; sourceTree = "<group>"; };
		E38B7FD225D82AF1008D8399 /* MainAppView.swift */ = {isa = PBXFileReference; lastKnownFileType = sourcecode.swift; path = MainAppView.swift; sourceTree = "<group>"; };
		E38B7FD725D82B6A008D8399 /* ContestsView.swift */ = {isa = PBXFileReference; lastKnownFileType = sourcecode.swift; path = ContestsView.swift; sourceTree = "<group>"; };
		E38B7FDD25D82BE5008D8399 /* UpcomingContestsListView.swift */ = {isa = PBXFileReference; lastKnownFileType = sourcecode.swift; path = UpcomingContestsListView.swift; sourceTree = "<group>"; };
		E38B7FE625D82E27008D8399 /* UITabBarController+Extensions.swift */ = {isa = PBXFileReference; lastKnownFileType = sourcecode.swift; path = "UITabBarController+Extensions.swift"; sourceTree = "<group>"; };
		E38B7FEE25D82E67008D8399 /* UINavigationController+Extensions.swift */ = {isa = PBXFileReference; lastKnownFileType = sourcecode.swift; path = "UINavigationController+Extensions.swift"; sourceTree = "<group>"; };
		E38C528D25F2F0C1005C659B /* InProgressGamesListView.swift */ = {isa = PBXFileReference; lastKnownFileType = sourcecode.swift; path = InProgressGamesListView.swift; sourceTree = "<group>"; };
		E394BDF525CDD434002C89B9 /* BrokeBets.app */ = {isa = PBXFileReference; explicitFileType = wrapper.application; includeInIndex = 0; path = BrokeBets.app; sourceTree = BUILT_PRODUCTS_DIR; };
		E394BDF825CDD434002C89B9 /* BrokeBetsApp.swift */ = {isa = PBXFileReference; lastKnownFileType = sourcecode.swift; path = BrokeBetsApp.swift; sourceTree = "<group>"; };
		E394BDFA25CDD434002C89B9 /* RootAppView.swift */ = {isa = PBXFileReference; lastKnownFileType = sourcecode.swift; path = RootAppView.swift; sourceTree = "<group>"; };
		E394BDFC25CDD435002C89B9 /* Assets.xcassets */ = {isa = PBXFileReference; lastKnownFileType = folder.assetcatalog; path = Assets.xcassets; sourceTree = "<group>"; };
		E394BDFF25CDD435002C89B9 /* Preview Assets.xcassets */ = {isa = PBXFileReference; lastKnownFileType = folder.assetcatalog; path = "Preview Assets.xcassets"; sourceTree = "<group>"; };
		E394BE0125CDD435002C89B9 /* Info.plist */ = {isa = PBXFileReference; lastKnownFileType = text.plist.xml; path = Info.plist; sourceTree = "<group>"; };
		E394BE0625CDD435002C89B9 /* BrokeBetsTests.xctest */ = {isa = PBXFileReference; explicitFileType = wrapper.cfbundle; includeInIndex = 0; path = BrokeBetsTests.xctest; sourceTree = BUILT_PRODUCTS_DIR; };
		E394BE0A25CDD435002C89B9 /* BrokeBetsTests.swift */ = {isa = PBXFileReference; lastKnownFileType = sourcecode.swift; path = BrokeBetsTests.swift; sourceTree = "<group>"; };
		E394BE0C25CDD435002C89B9 /* Info.plist */ = {isa = PBXFileReference; lastKnownFileType = text.plist.xml; path = Info.plist; sourceTree = "<group>"; };
		E394BE1125CDD435002C89B9 /* BrokeBetsUITests.xctest */ = {isa = PBXFileReference; explicitFileType = wrapper.cfbundle; includeInIndex = 0; path = BrokeBetsUITests.xctest; sourceTree = BUILT_PRODUCTS_DIR; };
		E394BE1525CDD435002C89B9 /* BrokeBetsUITests.swift */ = {isa = PBXFileReference; lastKnownFileType = sourcecode.swift; path = BrokeBetsUITests.swift; sourceTree = "<group>"; };
		E394BE1725CDD435002C89B9 /* Info.plist */ = {isa = PBXFileReference; lastKnownFileType = text.plist.xml; path = Info.plist; sourceTree = "<group>"; };
		E39884D22602BBEE00E8EA5A /* CreateContestInvitationService.swift */ = {isa = PBXFileReference; lastKnownFileType = sourcecode.swift; path = CreateContestInvitationService.swift; sourceTree = "<group>"; };
		E39884D72603BCFE00E8EA5A /* SplashScreen.swift */ = {isa = PBXFileReference; lastKnownFileType = sourcecode.swift; path = SplashScreen.swift; sourceTree = "<group>"; };
		E39884DC2603E44100E8EA5A /* LoadingView.swift */ = {isa = PBXFileReference; lastKnownFileType = sourcecode.swift; path = LoadingView.swift; sourceTree = "<group>"; };
		E39884E4260506EB00E8EA5A /* AnimatedSuccessHUD.swift */ = {isa = PBXFileReference; lastKnownFileType = sourcecode.swift; path = AnimatedSuccessHUD.swift; sourceTree = "<group>"; };
		E3997E2D25EACCFD00530C26 /* CompletedContestsListView.swift */ = {isa = PBXFileReference; lastKnownFileType = sourcecode.swift; path = CompletedContestsListView.swift; sourceTree = "<group>"; };
		E3997E3225EACD7A00530C26 /* CompletedContestsListVM.swift */ = {isa = PBXFileReference; lastKnownFileType = sourcecode.swift; path = CompletedContestsListVM.swift; sourceTree = "<group>"; };
		E39EE88725F69C220027968E /* AvailableDraftGameView.swift */ = {isa = PBXFileReference; lastKnownFileType = sourcecode.swift; path = AvailableDraftGameView.swift; sourceTree = "<group>"; };
		E39EE88C25F6CF800027968E /* DraftBoardView.swift */ = {isa = PBXFileReference; lastKnownFileType = sourcecode.swift; path = DraftBoardView.swift; sourceTree = "<group>"; };
		E39EE89125F7C8D50027968E /* DraftView.swift */ = {isa = PBXFileReference; lastKnownFileType = sourcecode.swift; path = DraftView.swift; sourceTree = "<group>"; };
		E39EE89625F7CFDF0027968E /* DraftsListView.swift */ = {isa = PBXFileReference; lastKnownFileType = sourcecode.swift; path = DraftsListView.swift; sourceTree = "<group>"; };
		E39EE89B25F924340027968E /* DraftsRepository.swift */ = {isa = PBXFileReference; lastKnownFileType = sourcecode.swift; path = DraftsRepository.swift; sourceTree = "<group>"; };
		E39EE8A025F926BB0027968E /* Draft.swift */ = {isa = PBXFileReference; lastKnownFileType = sourcecode.swift; path = Draft.swift; sourceTree = "<group>"; };
		E39EE8A525F926CB0027968E /* DraftRound.swift */ = {isa = PBXFileReference; lastKnownFileType = sourcecode.swift; path = DraftRound.swift; sourceTree = "<group>"; };
		E39EE8AA25F93EC10027968E /* DraftGame.swift */ = {isa = PBXFileReference; lastKnownFileType = sourcecode.swift; path = DraftGame.swift; sourceTree = "<group>"; };
		E39EE8AF25F9514B0027968E /* DraftsListVM.swift */ = {isa = PBXFileReference; lastKnownFileType = sourcecode.swift; path = DraftsListVM.swift; sourceTree = "<group>"; };
		E3B621DB25DEC19B00B3ACE3 /* BrokeBets.entitlements */ = {isa = PBXFileReference; lastKnownFileType = text.plist.entitlements; path = BrokeBets.entitlements; sourceTree = "<group>"; };
		E3B621E025DEEBBD00B3ACE3 /* UserService.swift */ = {isa = PBXFileReference; lastKnownFileType = sourcecode.swift; path = UserService.swift; sourceTree = "<group>"; };
		E3B621E825DF0BB500B3ACE3 /* EntireBetslipCompletedGameView.swift */ = {isa = PBXFileReference; lastKnownFileType = sourcecode.swift; path = EntireBetslipCompletedGameView.swift; sourceTree = "<group>"; };
		E3B621F025DF0FF100B3ACE3 /* CompletedContestBetslipGameView.swift */ = {isa = PBXFileReference; lastKnownFileType = sourcecode.swift; path = CompletedContestBetslipGameView.swift; sourceTree = "<group>"; };
		E3BA0EF425E048A900D9C041 /* UpcomingContestGamesListView.swift */ = {isa = PBXFileReference; lastKnownFileType = sourcecode.swift; path = UpcomingContestGamesListView.swift; sourceTree = "<group>"; };
		E3BA0F0325E1537900D9C041 /* UpcomingContestsListVM.swift */ = {isa = PBXFileReference; lastKnownFileType = sourcecode.swift; path = UpcomingContestsListVM.swift; sourceTree = "<group>"; };
		E3BA0F0B25E153C400D9C041 /* UpcomingContestsRepository.swift */ = {isa = PBXFileReference; lastKnownFileType = sourcecode.swift; path = UpcomingContestsRepository.swift; sourceTree = "<group>"; };
		E3BA0F1325E153EF00D9C041 /* UpcomingContest.swift */ = {isa = PBXFileReference; lastKnownFileType = sourcecode.swift; path = UpcomingContest.swift; sourceTree = "<group>"; };
		E3BA0F1B25E154C100D9C041 /* UpcomingContestGame.swift */ = {isa = PBXFileReference; lastKnownFileType = sourcecode.swift; path = UpcomingContestGame.swift; sourceTree = "<group>"; };
		E3BA2E1626010FDB00EAF404 /* ReceivedInvitationsRepository.swift */ = {isa = PBXFileReference; lastKnownFileType = sourcecode.swift; path = ReceivedInvitationsRepository.swift; sourceTree = "<group>"; };
		E3BA2E1C2601144400EAF404 /* ReceivedInvitationsListVM.swift */ = {isa = PBXFileReference; lastKnownFileType = sourcecode.swift; path = ReceivedInvitationsListVM.swift; sourceTree = "<group>"; };
		E3BA2E24260119D800EAF404 /* SentInvitationsListVM.swift */ = {isa = PBXFileReference; lastKnownFileType = sourcecode.swift; path = SentInvitationsListVM.swift; sourceTree = "<group>"; };
		E3BA2E29260119F800EAF404 /* SentInvitationsRepository.swift */ = {isa = PBXFileReference; lastKnownFileType = sourcecode.swift; path = SentInvitationsRepository.swift; sourceTree = "<group>"; };
		E3BB7AAF2612623D00097DCC /* launchScreen.storyboard */ = {isa = PBXFileReference; lastKnownFileType = file.storyboard; path = launchScreen.storyboard; sourceTree = "<group>"; };
		E3BB843425F3C5A6008121C8 /* InProgressContestGamesListVM.swift */ = {isa = PBXFileReference; lastKnownFileType = sourcecode.swift; path = InProgressContestGamesListVM.swift; sourceTree = "<group>"; };
		E3BBF30A25FD757900EEAF90 /* DraftBoardVM.swift */ = {isa = PBXFileReference; lastKnownFileType = sourcecode.swift; path = DraftBoardVM.swift; sourceTree = "<group>"; };
		E3C9685D25DD7D100097963E /* LoginView.swift */ = {isa = PBXFileReference; lastKnownFileType = sourcecode.swift; path = LoginView.swift; sourceTree = "<group>"; };
		E3C9687F25DD7FF90097963E /* SignInWithGoogleButton.swift */ = {isa = PBXFileReference; lastKnownFileType = sourcecode.swift; path = SignInWithGoogleButton.swift; sourceTree = "<group>"; };
		E3C9688425DD90680097963E /* String+Extensions.swift */ = {isa = PBXFileReference; lastKnownFileType = sourcecode.swift; path = "String+Extensions.swift"; sourceTree = "<group>"; };
		E3C9688F25DDA68C0097963E /* UpcomingContestView.swift */ = {isa = PBXFileReference; lastKnownFileType = sourcecode.swift; path = UpcomingContestView.swift; sourceTree = "<group>"; };
		E3C9E1B025F5788F00B719B9 /* CreateContestVM.swift */ = {isa = PBXFileReference; lastKnownFileType = sourcecode.swift; path = CreateContestVM.swift; sourceTree = "<group>"; };
		E3C9E1C925F5CA5000B719B9 /* TimeFormatStringUnitTests.swift */ = {isa = PBXFileReference; lastKnownFileType = sourcecode.swift; path = TimeFormatStringUnitTests.swift; sourceTree = "<group>"; };
		E3D8E3E125EC069000A3A88E /* CompletedContestGamesListView.swift */ = {isa = PBXFileReference; lastKnownFileType = sourcecode.swift; path = CompletedContestGamesListView.swift; sourceTree = "<group>"; };
		E3D8E3E625EC070700A3A88E /* CompletedContestGameView.swift */ = {isa = PBXFileReference; lastKnownFileType = sourcecode.swift; path = CompletedContestGameView.swift; sourceTree = "<group>"; };
		E3DCE9F625F2871100B063A3 /* ChosenOpponentChip.swift */ = {isa = PBXFileReference; lastKnownFileType = sourcecode.swift; path = ChosenOpponentChip.swift; sourceTree = "<group>"; };
		E3E3FFEF25FBD96000892B5C /* DraftPickSelectionVM.swift */ = {isa = PBXFileReference; lastKnownFileType = sourcecode.swift; path = DraftPickSelectionVM.swift; sourceTree = "<group>"; };
		E3E43CAC25EC6A0C00226BBE /* DateFormatStringUnitTests.swift */ = {isa = PBXFileReference; lastKnownFileType = sourcecode.swift; path = DateFormatStringUnitTests.swift; sourceTree = "<group>"; };
		E3E5C71725F19F0800AAB992 /* InProgressGameView.swift */ = {isa = PBXFileReference; lastKnownFileType = sourcecode.swift; path = InProgressGameView.swift; sourceTree = "<group>"; };
		E3EA6C2725FEBCD90019AAC0 /* RootAppVM.swift */ = {isa = PBXFileReference; lastKnownFileType = sourcecode.swift; path = RootAppVM.swift; sourceTree = "<group>"; };
		E3EA6C2F25FEBDB10019AAC0 /* AppState.swift */ = {isa = PBXFileReference; lastKnownFileType = sourcecode.swift; path = AppState.swift; sourceTree = "<group>"; };
		E3EA6C3425FEBE150019AAC0 /* UserScreenInfo.swift */ = {isa = PBXFileReference; lastKnownFileType = sourcecode.swift; path = UserScreenInfo.swift; sourceTree = "<group>"; };
		E3EE111F26067E9E0035A4EC /* DraftPickSelection.swift */ = {isa = PBXFileReference; lastKnownFileType = sourcecode.swift; path = DraftPickSelection.swift; sourceTree = "<group>"; };
		E3EE11272606C2C60035A4EC /* GoogleService-Info.plist */ = {isa = PBXFileReference; fileEncoding = 4; lastKnownFileType = text.plist.xml; name = "GoogleService-Info.plist"; path = "../../Downloads/GoogleService-Info.plist"; sourceTree = "<group>"; };
		E3F52D5E25EFEB99009B10CE /* InProgressContest.swift */ = {isa = PBXFileReference; lastKnownFileType = sourcecode.swift; path = InProgressContest.swift; sourceTree = "<group>"; };
		E3F52D6325F02C3F009B10CE /* InProgressContestsRepository.swift */ = {isa = PBXFileReference; lastKnownFileType = sourcecode.swift; path = InProgressContestsRepository.swift; sourceTree = "<group>"; };
		E3F52D6825F0352B009B10CE /* InProgressContestGame.swift */ = {isa = PBXFileReference; lastKnownFileType = sourcecode.swift; path = InProgressContestGame.swift; sourceTree = "<group>"; };
		E3F52D6D25F057A2009B10CE /* LiveGameScoreboard.swift */ = {isa = PBXFileReference; lastKnownFileType = sourcecode.swift; path = LiveGameScoreboard.swift; sourceTree = "<group>"; };
		E3F52D7325F1329A009B10CE /* CreateContestView.swift */ = {isa = PBXFileReference; lastKnownFileType = sourcecode.swift; path = CreateContestView.swift; sourceTree = "<group>"; };
		E3F52D7925F18177009B10CE /* InProgressContestView.swift */ = {isa = PBXFileReference; lastKnownFileType = sourcecode.swift; path = InProgressContestView.swift; sourceTree = "<group>"; };
		E57D43A721104E5D54A2B9C1 /* Pods-BrokeBets-BrokeBetsUITests.release.xcconfig */ = {isa = PBXFileReference; includeInIndex = 1; lastKnownFileType = text.xcconfig; name = "Pods-BrokeBets-BrokeBetsUITests.release.xcconfig"; path = "Target Support Files/Pods-BrokeBets-BrokeBetsUITests/Pods-BrokeBets-BrokeBetsUITests.release.xcconfig"; sourceTree = "<group>"; };
/* End PBXFileReference section */

/* Begin PBXFrameworksBuildPhase section */
		E394BDF225CDD434002C89B9 /* Frameworks */ = {
			isa = PBXFrameworksBuildPhase;
			buildActionMask = 2147483647;
			files = (
				780CC5543B010C56AF333A05 /* Pods_BrokeBets.framework in Frameworks */,
			);
			runOnlyForDeploymentPostprocessing = 0;
		};
		E394BE0325CDD435002C89B9 /* Frameworks */ = {
			isa = PBXFrameworksBuildPhase;
			buildActionMask = 2147483647;
			files = (
				D7F25272195959FCDE4D2795 /* Pods_BrokeBetsTests.framework in Frameworks */,
			);
			runOnlyForDeploymentPostprocessing = 0;
		};
		E394BE0E25CDD435002C89B9 /* Frameworks */ = {
			isa = PBXFrameworksBuildPhase;
			buildActionMask = 2147483647;
			files = (
				A62EBD295F56B79163046937 /* Pods_BrokeBets_BrokeBetsUITests.framework in Frameworks */,
			);
			runOnlyForDeploymentPostprocessing = 0;
		};
/* End PBXFrameworksBuildPhase section */

/* Begin PBXGroup section */
		AED8BD57D5422AA569245DE7 /* Pods */ = {
			isa = PBXGroup;
			children = (
				71EED93567F6274CBA95B207 /* Pods-BrokeBets.debug.xcconfig */,
				40C596F50F10E2D82C5EE325 /* Pods-BrokeBets.release.xcconfig */,
				1F98490B460D6530CB2D949E /* Pods-BrokeBets-BrokeBetsUITests.debug.xcconfig */,
				E57D43A721104E5D54A2B9C1 /* Pods-BrokeBets-BrokeBetsUITests.release.xcconfig */,
				CC6F103B9C84320B302281C0 /* Pods-BrokeBetsTests.debug.xcconfig */,
				D8597B5732F19E9C927F860A /* Pods-BrokeBetsTests.release.xcconfig */,
			);
			path = Pods;
			sourceTree = "<group>";
		};
		CD9B5BC35067111ED0933459 /* Frameworks */ = {
			isa = PBXGroup;
			children = (
				DA770B23555B11C24054428D /* Pods_BrokeBets.framework */,
				097BB6BE178A92D74989CC75 /* Pods_BrokeBets_BrokeBetsUITests.framework */,
				BFE799F47475663F47858987 /* Pods_BrokeBetsTests.framework */,
			);
			name = Frameworks;
			sourceTree = "<group>";
		};
		E301E8612600FB1B001BD186 /* received */ = {
			isa = PBXGroup;
			children = (
				E301E84A2600ED20001BD186 /* ReceivedInvitationsListView.swift */,
				E301E84F2600ED69001BD186 /* ReceivedInvitationView.swift */,
				E301E8542600EE32001BD186 /* AcceptButtonView.swift */,
				E301E8592600F0DA001BD186 /* DeclineButtonView.swift */,
			);
			path = received;
			sourceTree = "<group>";
		};
		E301E8622600FB40001BD186 /* sent */ = {
			isa = PBXGroup;
			children = (
				E301E8632600FB5E001BD186 /* SentInvitationsListView.swift */,
				E301E86B26010058001BD186 /* SentInvitationView.swift */,
			);
			path = sent;
			sourceTree = "<group>";
		};
		E3292EB525E5731E007189EC /* completed */ = {
			isa = PBXGroup;
			children = (
				E3997E2D25EACCFD00530C26 /* CompletedContestsListView.swift */,
				E3292EBB25E57E27007189EC /* CompletedContestView.swift */,
				E3D8E3E125EC069000A3A88E /* CompletedContestGamesListView.swift */,
				E3D8E3E625EC070700A3A88E /* CompletedContestGameView.swift */,
			);
			path = completed;
			sourceTree = "<group>";
		};
		E33C823F26013D6600B36D48 /* Recovered References */ = {
			isa = PBXGroup;
			children = (
			);
			name = "Recovered References";
			sourceTree = "<group>";
		};
		E38B7FDC25D82B72008D8399 /* views */ = {
			isa = PBXGroup;
			children = (
				E3F52D7225F1325B009B10CE /* create contest */,
				E3B6221C25DF273A00B3ACE3 /* bottom tabs */,
				E342063625DC6202000CCE7A /* LoginViewV2.swift */,
				E38B7FC825D82A8D008D8399 /* UIKitTabView.swift */,
				E38B7FCD25D82AA8008D8399 /* TopTabs.swift */,
				E3C9685D25DD7D100097963E /* LoginView.swift */,
				E3292ED225E6E0C7007189EC /* CreateUsernameView.swift */,
				E3C9687F25DD7FF90097963E /* SignInWithGoogleButton.swift */,
				E30C2A7225ED99A0000A04CA /* ProfileModalView.swift */,
				E394BDFA25CDD434002C89B9 /* RootAppView.swift */,
				E39884DC2603E44100E8EA5A /* LoadingView.swift */,
				E38B7FD225D82AF1008D8399 /* MainAppView.swift */,
				E39884D72603BCFE00E8EA5A /* SplashScreen.swift */,
				E39884E4260506EB00E8EA5A /* AnimatedSuccessHUD.swift */,
			);
			path = views;
			sourceTree = "<group>";
		};
		E38B7FE525D82DBE008D8399 /* extensions */ = {
			isa = PBXGroup;
			children = (
				E38B7FE625D82E27008D8399 /* UITabBarController+Extensions.swift */,
				E38B7FEE25D82E67008D8399 /* UINavigationController+Extensions.swift */,
				E3C9688425DD90680097963E /* String+Extensions.swift */,
			);
			path = extensions;
			sourceTree = "<group>";
		};
		E394BDEC25CDD434002C89B9 = {
			isa = PBXGroup;
			children = (
				E394BDF725CDD434002C89B9 /* BrokeBets */,
				E394BE0925CDD435002C89B9 /* BrokeBetsTests */,
				E394BE1425CDD435002C89B9 /* BrokeBetsUITests */,
				E394BDF625CDD434002C89B9 /* Products */,
				AED8BD57D5422AA569245DE7 /* Pods */,
				CD9B5BC35067111ED0933459 /* Frameworks */,
				E33C823F26013D6600B36D48 /* Recovered References */,
			);
			sourceTree = "<group>";
		};
		E394BDF625CDD434002C89B9 /* Products */ = {
			isa = PBXGroup;
			children = (
				E394BDF525CDD434002C89B9 /* BrokeBets.app */,
				E394BE0625CDD435002C89B9 /* BrokeBetsTests.xctest */,
				E394BE1125CDD435002C89B9 /* BrokeBetsUITests.xctest */,
			);
			name = Products;
			sourceTree = "<group>";
		};
		E394BDF725CDD434002C89B9 /* BrokeBets */ = {
			isa = PBXGroup;
			children = (
				E3BA0F0225E1535900D9C041 /* models */,
				E3BA0F0125E1532B00D9C041 /* repositories */,
				E3BA0F0025E152EC00D9C041 /* view models */,
				E3B621DF25DEEBA400B3ACE3 /* services */,
				E38B7FE525D82DBE008D8399 /* extensions */,
				E38B7FDC25D82B72008D8399 /* views */,
				E394BDF825CDD434002C89B9 /* BrokeBetsApp.swift */,
				E3EA6C2F25FEBDB10019AAC0 /* AppState.swift */,
				E3EA6C3425FEBE150019AAC0 /* UserScreenInfo.swift */,
				E394BDFC25CDD435002C89B9 /* Assets.xcassets */,
				E394BE0125CDD435002C89B9 /* Info.plist */,
				E3EE11272606C2C60035A4EC /* GoogleService-Info.plist */,
				E3B621DB25DEC19B00B3ACE3 /* BrokeBets.entitlements */,
				E394BDFE25CDD435002C89B9 /* Preview Content */,
				E3BB7AAF2612623D00097DCC /* launchScreen.storyboard */,
			);
			path = BrokeBets;
			sourceTree = "<group>";
		};
		E394BDFE25CDD435002C89B9 /* Preview Content */ = {
			isa = PBXGroup;
			children = (
				E394BDFF25CDD435002C89B9 /* Preview Assets.xcassets */,
			);
			path = "Preview Content";
			sourceTree = "<group>";
		};
		E394BE0925CDD435002C89B9 /* BrokeBetsTests */ = {
			isa = PBXGroup;
			children = (
				E3E43CAB25EC69CA00226BBE /* ModelTests */,
				E394BE0A25CDD435002C89B9 /* BrokeBetsTests.swift */,
				E394BE0C25CDD435002C89B9 /* Info.plist */,
			);
			path = BrokeBetsTests;
			sourceTree = "<group>";
		};
		E394BE1425CDD435002C89B9 /* BrokeBetsUITests */ = {
			isa = PBXGroup;
			children = (
				E394BE1525CDD435002C89B9 /* BrokeBetsUITests.swift */,
				E394BE1725CDD435002C89B9 /* Info.plist */,
			);
			path = BrokeBetsUITests;
			sourceTree = "<group>";
		};
		E3B621DF25DEEBA400B3ACE3 /* services */ = {
			isa = PBXGroup;
			children = (
				E3B621E025DEEBBD00B3ACE3 /* UserService.swift */,
				E39884D22602BBEE00E8EA5A /* CreateContestInvitationService.swift */,
			);
			path = services;
			sourceTree = "<group>";
		};
		E3B6221B25DF271C00B3ACE3 /* contests */ = {
			isa = PBXGroup;
			children = (
				E3F52D7825F1815C009B10CE /* inProgress */,
				E3292EB525E5731E007189EC /* completed */,
				E3BA0EFF25E050FE00D9C041 /* upcoming */,
				E38B7FD725D82B6A008D8399 /* ContestsView.swift */,
				E3B621F025DF0FF100B3ACE3 /* CompletedContestBetslipGameView.swift */,
				E3292EB625E57707007189EC /* CustomRoundedRect.swift */,
			);
			path = contests;
			sourceTree = "<group>";
		};
		E3B6221C25DF273A00B3ACE3 /* bottom tabs */ = {
			isa = PBXGroup;
			children = (
				E3B6222025DF27D000B3ACE3 /* statistics */,
				E3B6221F25DF27C700B3ACE3 /* invitations */,
				E3B6221E25DF27BA00B3ACE3 /* drafts */,
				E3B6221D25DF27B100B3ACE3 /* betslip */,
				E3B6221B25DF271C00B3ACE3 /* contests */,
			);
			path = "bottom tabs";
			sourceTree = "<group>";
		};
		E3B6221D25DF27B100B3ACE3 /* betslip */ = {
			isa = PBXGroup;
			children = (
				E3B621E825DF0BB500B3ACE3 /* EntireBetslipCompletedGameView.swift */,
			);
			path = betslip;
			sourceTree = "<group>";
		};
		E3B6221E25DF27BA00B3ACE3 /* drafts */ = {
			isa = PBXGroup;
			children = (
				E39EE89625F7CFDF0027968E /* DraftsListView.swift */,
				E39EE89125F7C8D50027968E /* DraftView.swift */,
				E34D80EA25F989440083849C /* DraftPickSelectionView.swift */,
				E39EE88725F69C220027968E /* AvailableDraftGameView.swift */,
				E34D80E225F97EFB0083849C /* DraftBetCapsule.swift */,
				E39EE88C25F6CF800027968E /* DraftBoardView.swift */,
			);
			path = drafts;
			sourceTree = "<group>";
		};
		E3B6221F25DF27C700B3ACE3 /* invitations */ = {
			isa = PBXGroup;
			children = (
				E301E8622600FB40001BD186 /* sent */,
				E301E8612600FB1B001BD186 /* received */,
				E3809B772600EAAB00443E46 /* InvitationsView.swift */,
			);
			path = invitations;
			sourceTree = "<group>";
		};
		E3B6222025DF27D000B3ACE3 /* statistics */ = {
			isa = PBXGroup;
			children = (
			);
			path = statistics;
			sourceTree = "<group>";
		};
		E3BA0EFF25E050FE00D9C041 /* upcoming */ = {
			isa = PBXGroup;
			children = (
				E38B7FDD25D82BE5008D8399 /* UpcomingContestsListView.swift */,
				E3C9688F25DDA68C0097963E /* UpcomingContestView.swift */,
				E3BA0EF425E048A900D9C041 /* UpcomingContestGamesListView.swift */,
				E343348825DDC578004027C3 /* UpcomingContestGameView.swift */,
			);
			path = upcoming;
			sourceTree = "<group>";
		};
		E3BA0F0025E152EC00D9C041 /* view models */ = {
			isa = PBXGroup;
			children = (
				E3EA6C2725FEBCD90019AAC0 /* RootAppVM.swift */,
				E3292ED725E6E129007189EC /* CreateUsernameVM.swift */,
				E3C9E1B025F5788F00B719B9 /* CreateContestVM.swift */,
				E30E773025F44AC40069876D /* OpponentSearchVM.swift */,
				E3BA0F0325E1537900D9C041 /* UpcomingContestsListVM.swift */,
				E3997E3225EACD7A00530C26 /* CompletedContestsListVM.swift */,
				E328B6B025F42C6F0027EBB3 /* InProgressContestsListVM.swift */,
				E36039B725F3E937005BFC15 /* InProgressContestGameVM.swift */,
				E3BB843425F3C5A6008121C8 /* InProgressContestGamesListVM.swift */,
				E39EE8AF25F9514B0027968E /* DraftsListVM.swift */,
				E3E3FFEF25FBD96000892B5C /* DraftPickSelectionVM.swift */,
				E3BBF30A25FD757900EEAF90 /* DraftBoardVM.swift */,
				E3BA2E1C2601144400EAF404 /* ReceivedInvitationsListVM.swift */,
				E3BA2E24260119D800EAF404 /* SentInvitationsListVM.swift */,
			);
			path = "view models";
			sourceTree = "<group>";
		};
		E3BA0F0125E1532B00D9C041 /* repositories */ = {
			isa = PBXGroup;
			children = (
				E3BA0F0B25E153C400D9C041 /* UpcomingContestsRepository.swift */,
				E3292EC325E5BBDF007189EC /* CompletedContestsRepository.swift */,
				E3F52D6325F02C3F009B10CE /* InProgressContestsRepository.swift */,
				E39EE89B25F924340027968E /* DraftsRepository.swift */,
				E3BA2E1626010FDB00EAF404 /* ReceivedInvitationsRepository.swift */,
				E3BA2E29260119F800EAF404 /* SentInvitationsRepository.swift */,
			);
			path = repositories;
			sourceTree = "<group>";
		};
		E3BA0F0225E1535900D9C041 /* models */ = {
			isa = PBXGroup;
			children = (
				E3BA0F1325E153EF00D9C041 /* UpcomingContest.swift */,
				E3BA0F1B25E154C100D9C041 /* UpcomingContestGame.swift */,
				E3292EC825E5BC74007189EC /* CompletedContest.swift */,
				E3292ECD25E5BC88007189EC /* CompletedContestGame.swift */,
				E3F52D5E25EFEB99009B10CE /* InProgressContest.swift */,
				E3F52D6825F0352B009B10CE /* InProgressContestGame.swift */,
				E3F52D6D25F057A2009B10CE /* LiveGameScoreboard.swift */,
				E39EE8A025F926BB0027968E /* Draft.swift */,
				E39EE8AA25F93EC10027968E /* DraftGame.swift */,
				E39EE8A525F926CB0027968E /* DraftRound.swift */,
				E301E870260109EA001BD186 /* ReceivedInvitation.swift */,
				E301E87526010D2B001BD186 /* SentInvitation.swift */,
				E3EE111F26067E9E0035A4EC /* DraftPickSelection.swift */,
			);
			path = models;
			sourceTree = "<group>";
		};
		E3E43CAB25EC69CA00226BBE /* ModelTests */ = {
			isa = PBXGroup;
			children = (
				E3E43CAC25EC6A0C00226BBE /* DateFormatStringUnitTests.swift */,
				E3C9E1C925F5CA5000B719B9 /* TimeFormatStringUnitTests.swift */,
				845D3ADB25FD106B00DEE76A /* CompletedContestsUnitTests.swift */,
				84464B7225FD2B640046B0CF /* CompletedContestGameUnitTests.swift */,
				4095F80225FD36A400913F1B /* UpcomingContestTest.swift */,
				4095F80725FD36CF00913F1B /* UpcomingContestGameTest.swift */,
				84B8EF6425FEC988009BFA04 /* DraftUnitTests.swift */,
				CA2476A225FEEF2000B136FE /* InProgressContestUnitTest.swift */,
				CA2476AA25FEEF3D00B136FE /* InProgressContestGameTest.swift */,
				84CB814225FFF75700845340 /* DraftRoundUnitTests.swift */,
				84CB814725FFF78100845340 /* DraftGameUnitTests.swift */,
				4095F8412606547100913F1B /* SentInvitationUnitTests.swift */,
				4095F84E2606553700913F1B /* ReceivedInvitationUnitTests.swift */,
			);
			path = ModelTests;
			sourceTree = "<group>";
		};
		E3F52D7225F1325B009B10CE /* create contest */ = {
			isa = PBXGroup;
			children = (
				E3F52D7325F1329A009B10CE /* CreateContestView.swift */,
				CA55357C25F401F00054DB21 /* OpponentSearchView.swift */,
				E3DCE9F625F2871100B063A3 /* ChosenOpponentChip.swift */,
			);
			path = "create contest";
			sourceTree = "<group>";
		};
		E3F52D7825F1815C009B10CE /* inProgress */ = {
			isa = PBXGroup;
			children = (
				8473F82025F493A7005BC632 /* InProgressContestListView.swift */,
				E3F52D7925F18177009B10CE /* InProgressContestView.swift */,
				E38C528D25F2F0C1005C659B /* InProgressGamesListView.swift */,
				E3E5C71725F19F0800AAB992 /* InProgressGameView.swift */,
			);
			path = inProgress;
			sourceTree = "<group>";
		};
/* End PBXGroup section */

/* Begin PBXNativeTarget section */
		E394BDF425CDD434002C89B9 /* BrokeBets */ = {
			isa = PBXNativeTarget;
			buildConfigurationList = E394BE1A25CDD435002C89B9 /* Build configuration list for PBXNativeTarget "BrokeBets" */;
			buildPhases = (
				0980979D9F9361AAFB55ECAC /* [CP] Check Pods Manifest.lock */,
				E394BDF125CDD434002C89B9 /* Sources */,
				E394BDF225CDD434002C89B9 /* Frameworks */,
				E394BDF325CDD434002C89B9 /* Resources */,
				F7074C608E30F4134CB61AF1 /* [CP] Embed Pods Frameworks */,
				6F472714786234B58E8E1042 /* [CP] Copy Pods Resources */,
			);
			buildRules = (
			);
			dependencies = (
			);
			name = BrokeBets;
			productName = BrokeBets;
			productReference = E394BDF525CDD434002C89B9 /* BrokeBets.app */;
			productType = "com.apple.product-type.application";
		};
		E394BE0525CDD435002C89B9 /* BrokeBetsTests */ = {
			isa = PBXNativeTarget;
			buildConfigurationList = E394BE1D25CDD435002C89B9 /* Build configuration list for PBXNativeTarget "BrokeBetsTests" */;
			buildPhases = (
				05825AEF29F0F2EB439B05B5 /* [CP] Check Pods Manifest.lock */,
				E394BE0225CDD435002C89B9 /* Sources */,
				E394BE0325CDD435002C89B9 /* Frameworks */,
				E394BE0425CDD435002C89B9 /* Resources */,
			);
			buildRules = (
			);
			dependencies = (
				E394BE0825CDD435002C89B9 /* PBXTargetDependency */,
			);
			name = BrokeBetsTests;
			productName = BrokeBetsTests;
			productReference = E394BE0625CDD435002C89B9 /* BrokeBetsTests.xctest */;
			productType = "com.apple.product-type.bundle.unit-test";
		};
		E394BE1025CDD435002C89B9 /* BrokeBetsUITests */ = {
			isa = PBXNativeTarget;
			buildConfigurationList = E394BE2025CDD435002C89B9 /* Build configuration list for PBXNativeTarget "BrokeBetsUITests" */;
			buildPhases = (
				19B18F5073217A8BD2CA7A8F /* [CP] Check Pods Manifest.lock */,
				E394BE0D25CDD435002C89B9 /* Sources */,
				E394BE0E25CDD435002C89B9 /* Frameworks */,
				E394BE0F25CDD435002C89B9 /* Resources */,
				E54BBE220734DB5043F758FE /* [CP] Embed Pods Frameworks */,
				0CD284861CFCC8AB3F8D4487 /* [CP] Copy Pods Resources */,
			);
			buildRules = (
			);
			dependencies = (
				E394BE1325CDD435002C89B9 /* PBXTargetDependency */,
			);
			name = BrokeBetsUITests;
			productName = BrokeBetsUITests;
			productReference = E394BE1125CDD435002C89B9 /* BrokeBetsUITests.xctest */;
			productType = "com.apple.product-type.bundle.ui-testing";
		};
/* End PBXNativeTarget section */

/* Begin PBXProject section */
		E394BDED25CDD434002C89B9 /* Project object */ = {
			isa = PBXProject;
			attributes = {
				LastSwiftUpdateCheck = 1240;
				LastUpgradeCheck = 1240;
				TargetAttributes = {
					E394BDF425CDD434002C89B9 = {
						CreatedOnToolsVersion = 12.4;
					};
					E394BE0525CDD435002C89B9 = {
						CreatedOnToolsVersion = 12.4;
						TestTargetID = E394BDF425CDD434002C89B9;
					};
					E394BE1025CDD435002C89B9 = {
						CreatedOnToolsVersion = 12.4;
						TestTargetID = E394BDF425CDD434002C89B9;
					};
				};
			};
			buildConfigurationList = E394BDF025CDD434002C89B9 /* Build configuration list for PBXProject "BrokeBets" */;
			compatibilityVersion = "Xcode 9.3";
			developmentRegion = en;
			hasScannedForEncodings = 0;
			knownRegions = (
				en,
				Base,
			);
			mainGroup = E394BDEC25CDD434002C89B9;
			productRefGroup = E394BDF625CDD434002C89B9 /* Products */;
			projectDirPath = "";
			projectRoot = "";
			targets = (
				E394BDF425CDD434002C89B9 /* BrokeBets */,
				E394BE0525CDD435002C89B9 /* BrokeBetsTests */,
				E394BE1025CDD435002C89B9 /* BrokeBetsUITests */,
			);
		};
/* End PBXProject section */

/* Begin PBXResourcesBuildPhase section */
		E394BDF325CDD434002C89B9 /* Resources */ = {
			isa = PBXResourcesBuildPhase;
			buildActionMask = 2147483647;
			files = (
				E394BE0025CDD435002C89B9 /* Preview Assets.xcassets in Resources */,
				E3BB7AB02612623D00097DCC /* launchScreen.storyboard in Resources */,
				E3EE11282606C2C60035A4EC /* GoogleService-Info.plist in Resources */,
				E394BDFD25CDD435002C89B9 /* Assets.xcassets in Resources */,
			);
			runOnlyForDeploymentPostprocessing = 0;
		};
		E394BE0425CDD435002C89B9 /* Resources */ = {
			isa = PBXResourcesBuildPhase;
			buildActionMask = 2147483647;
			files = (
			);
			runOnlyForDeploymentPostprocessing = 0;
		};
		E394BE0F25CDD435002C89B9 /* Resources */ = {
			isa = PBXResourcesBuildPhase;
			buildActionMask = 2147483647;
			files = (
			);
			runOnlyForDeploymentPostprocessing = 0;
		};
/* End PBXResourcesBuildPhase section */

/* Begin PBXShellScriptBuildPhase section */
		05825AEF29F0F2EB439B05B5 /* [CP] Check Pods Manifest.lock */ = {
			isa = PBXShellScriptBuildPhase;
			buildActionMask = 2147483647;
			files = (
			);
			inputFileListPaths = (
			);
			inputPaths = (
				"${PODS_PODFILE_DIR_PATH}/Podfile.lock",
				"${PODS_ROOT}/Manifest.lock",
			);
			name = "[CP] Check Pods Manifest.lock";
			outputFileListPaths = (
			);
			outputPaths = (
				"$(DERIVED_FILE_DIR)/Pods-BrokeBetsTests-checkManifestLockResult.txt",
			);
			runOnlyForDeploymentPostprocessing = 0;
			shellPath = /bin/sh;
			shellScript = "diff \"${PODS_PODFILE_DIR_PATH}/Podfile.lock\" \"${PODS_ROOT}/Manifest.lock\" > /dev/null\nif [ $? != 0 ] ; then\n    # print error to STDERR\n    echo \"error: The sandbox is not in sync with the Podfile.lock. Run 'pod install' or update your CocoaPods installation.\" >&2\n    exit 1\nfi\n# This output is used by Xcode 'outputs' to avoid re-running this script phase.\necho \"SUCCESS\" > \"${SCRIPT_OUTPUT_FILE_0}\"\n";
			showEnvVarsInLog = 0;
		};
		0980979D9F9361AAFB55ECAC /* [CP] Check Pods Manifest.lock */ = {
			isa = PBXShellScriptBuildPhase;
			buildActionMask = 2147483647;
			files = (
			);
			inputFileListPaths = (
			);
			inputPaths = (
				"${PODS_PODFILE_DIR_PATH}/Podfile.lock",
				"${PODS_ROOT}/Manifest.lock",
			);
			name = "[CP] Check Pods Manifest.lock";
			outputFileListPaths = (
			);
			outputPaths = (
				"$(DERIVED_FILE_DIR)/Pods-BrokeBets-checkManifestLockResult.txt",
			);
			runOnlyForDeploymentPostprocessing = 0;
			shellPath = /bin/sh;
			shellScript = "diff \"${PODS_PODFILE_DIR_PATH}/Podfile.lock\" \"${PODS_ROOT}/Manifest.lock\" > /dev/null\nif [ $? != 0 ] ; then\n    # print error to STDERR\n    echo \"error: The sandbox is not in sync with the Podfile.lock. Run 'pod install' or update your CocoaPods installation.\" >&2\n    exit 1\nfi\n# This output is used by Xcode 'outputs' to avoid re-running this script phase.\necho \"SUCCESS\" > \"${SCRIPT_OUTPUT_FILE_0}\"\n";
			showEnvVarsInLog = 0;
		};
		0CD284861CFCC8AB3F8D4487 /* [CP] Copy Pods Resources */ = {
			isa = PBXShellScriptBuildPhase;
			buildActionMask = 2147483647;
			files = (
			);
			inputFileListPaths = (
				"${PODS_ROOT}/Target Support Files/Pods-BrokeBets-BrokeBetsUITests/Pods-BrokeBets-BrokeBetsUITests-resources-${CONFIGURATION}-input-files.xcfilelist",
			);
			name = "[CP] Copy Pods Resources";
			outputFileListPaths = (
				"${PODS_ROOT}/Target Support Files/Pods-BrokeBets-BrokeBetsUITests/Pods-BrokeBets-BrokeBetsUITests-resources-${CONFIGURATION}-output-files.xcfilelist",
			);
			runOnlyForDeploymentPostprocessing = 0;
			shellPath = /bin/sh;
			shellScript = "\"${PODS_ROOT}/Target Support Files/Pods-BrokeBets-BrokeBetsUITests/Pods-BrokeBets-BrokeBetsUITests-resources.sh\"\n";
			showEnvVarsInLog = 0;
		};
		19B18F5073217A8BD2CA7A8F /* [CP] Check Pods Manifest.lock */ = {
			isa = PBXShellScriptBuildPhase;
			buildActionMask = 2147483647;
			files = (
			);
			inputFileListPaths = (
			);
			inputPaths = (
				"${PODS_PODFILE_DIR_PATH}/Podfile.lock",
				"${PODS_ROOT}/Manifest.lock",
			);
			name = "[CP] Check Pods Manifest.lock";
			outputFileListPaths = (
			);
			outputPaths = (
				"$(DERIVED_FILE_DIR)/Pods-BrokeBets-BrokeBetsUITests-checkManifestLockResult.txt",
			);
			runOnlyForDeploymentPostprocessing = 0;
			shellPath = /bin/sh;
			shellScript = "diff \"${PODS_PODFILE_DIR_PATH}/Podfile.lock\" \"${PODS_ROOT}/Manifest.lock\" > /dev/null\nif [ $? != 0 ] ; then\n    # print error to STDERR\n    echo \"error: The sandbox is not in sync with the Podfile.lock. Run 'pod install' or update your CocoaPods installation.\" >&2\n    exit 1\nfi\n# This output is used by Xcode 'outputs' to avoid re-running this script phase.\necho \"SUCCESS\" > \"${SCRIPT_OUTPUT_FILE_0}\"\n";
			showEnvVarsInLog = 0;
		};
		6F472714786234B58E8E1042 /* [CP] Copy Pods Resources */ = {
			isa = PBXShellScriptBuildPhase;
			buildActionMask = 2147483647;
			files = (
			);
			inputFileListPaths = (
				"${PODS_ROOT}/Target Support Files/Pods-BrokeBets/Pods-BrokeBets-resources-${CONFIGURATION}-input-files.xcfilelist",
			);
			name = "[CP] Copy Pods Resources";
			outputFileListPaths = (
				"${PODS_ROOT}/Target Support Files/Pods-BrokeBets/Pods-BrokeBets-resources-${CONFIGURATION}-output-files.xcfilelist",
			);
			runOnlyForDeploymentPostprocessing = 0;
			shellPath = /bin/sh;
			shellScript = "\"${PODS_ROOT}/Target Support Files/Pods-BrokeBets/Pods-BrokeBets-resources.sh\"\n";
			showEnvVarsInLog = 0;
		};
		E54BBE220734DB5043F758FE /* [CP] Embed Pods Frameworks */ = {
			isa = PBXShellScriptBuildPhase;
			buildActionMask = 2147483647;
			files = (
			);
			inputFileListPaths = (
				"${PODS_ROOT}/Target Support Files/Pods-BrokeBets-BrokeBetsUITests/Pods-BrokeBets-BrokeBetsUITests-frameworks-${CONFIGURATION}-input-files.xcfilelist",
			);
			name = "[CP] Embed Pods Frameworks";
			outputFileListPaths = (
				"${PODS_ROOT}/Target Support Files/Pods-BrokeBets-BrokeBetsUITests/Pods-BrokeBets-BrokeBetsUITests-frameworks-${CONFIGURATION}-output-files.xcfilelist",
			);
			runOnlyForDeploymentPostprocessing = 0;
			shellPath = /bin/sh;
			shellScript = "\"${PODS_ROOT}/Target Support Files/Pods-BrokeBets-BrokeBetsUITests/Pods-BrokeBets-BrokeBetsUITests-frameworks.sh\"\n";
			showEnvVarsInLog = 0;
		};
		F7074C608E30F4134CB61AF1 /* [CP] Embed Pods Frameworks */ = {
			isa = PBXShellScriptBuildPhase;
			buildActionMask = 2147483647;
			files = (
			);
			inputFileListPaths = (
				"${PODS_ROOT}/Target Support Files/Pods-BrokeBets/Pods-BrokeBets-frameworks-${CONFIGURATION}-input-files.xcfilelist",
			);
			name = "[CP] Embed Pods Frameworks";
			outputFileListPaths = (
				"${PODS_ROOT}/Target Support Files/Pods-BrokeBets/Pods-BrokeBets-frameworks-${CONFIGURATION}-output-files.xcfilelist",
			);
			runOnlyForDeploymentPostprocessing = 0;
			shellPath = /bin/sh;
			shellScript = "\"${PODS_ROOT}/Target Support Files/Pods-BrokeBets/Pods-BrokeBets-frameworks.sh\"\n";
			showEnvVarsInLog = 0;
		};
/* End PBXShellScriptBuildPhase section */

/* Begin PBXSourcesBuildPhase section */
		E394BDF125CDD434002C89B9 /* Sources */ = {
			isa = PBXSourcesBuildPhase;
			buildActionMask = 2147483647;
			files = (
				E3292ED825E6E129007189EC /* CreateUsernameVM.swift in Sources */,
				8473F82125F493A7005BC632 /* InProgressContestListView.swift in Sources */,
				E3EE112026067E9E0035A4EC /* DraftPickSelection.swift in Sources */,
				E3EA6C2825FEBCD90019AAC0 /* RootAppVM.swift in Sources */,
				E394BDFB25CDD434002C89B9 /* RootAppView.swift in Sources */,
				E39884E5260506EB00E8EA5A /* AnimatedSuccessHUD.swift in Sources */,
				E301E87626010D2B001BD186 /* SentInvitation.swift in Sources */,
				E3F52D6925F0352B009B10CE /* InProgressContestGame.swift in Sources */,
				E3D8E3E225EC069000A3A88E /* CompletedContestGamesListView.swift in Sources */,
				E3809B782600EAAB00443E46 /* InvitationsView.swift in Sources */,
				E301E85A2600F0DA001BD186 /* DeclineButtonView.swift in Sources */,
				E38C528E25F2F0C1005C659B /* InProgressGamesListView.swift in Sources */,
				CA55357D25F401F00054DB21 /* OpponentSearchView.swift in Sources */,
				E3C9689025DDA68C0097963E /* UpcomingContestView.swift in Sources */,
				E301E871260109EA001BD186 /* ReceivedInvitation.swift in Sources */,
				E301E86C26010058001BD186 /* SentInvitationView.swift in Sources */,
				E39EE8B025F9514B0027968E /* DraftsListVM.swift in Sources */,
				E3BA0F1C25E154C100D9C041 /* UpcomingContestGame.swift in Sources */,
				E38B7FD325D82AF1008D8399 /* MainAppView.swift in Sources */,
				E38B7FCE25D82AA8008D8399 /* TopTabs.swift in Sources */,
				E3BA0EF525E048A900D9C041 /* UpcomingContestGamesListView.swift in Sources */,
				E3EA6C3525FEBE150019AAC0 /* UserScreenInfo.swift in Sources */,
				E3C9E1B125F5788F00B719B9 /* CreateContestVM.swift in Sources */,
				E3997E3325EACD7A00530C26 /* CompletedContestsListVM.swift in Sources */,
				E39EE88D25F6CF800027968E /* DraftBoardView.swift in Sources */,
				E3BA0F0425E1537900D9C041 /* UpcomingContestsListVM.swift in Sources */,
				E39EE8A625F926CB0027968E /* DraftRound.swift in Sources */,
				E3C9688025DD7FF90097963E /* SignInWithGoogleButton.swift in Sources */,
				E3F52D6425F02C3F009B10CE /* InProgressContestsRepository.swift in Sources */,
				E3292EC425E5BBDF007189EC /* CompletedContestsRepository.swift in Sources */,
				E3292EC925E5BC74007189EC /* CompletedContest.swift in Sources */,
				E3F52D7A25F18177009B10CE /* InProgressContestView.swift in Sources */,
				E38B7FDE25D82BE5008D8399 /* UpcomingContestsListView.swift in Sources */,
				E3BB843525F3C5A6008121C8 /* InProgressContestGamesListVM.swift in Sources */,
				E38B7FD825D82B6A008D8399 /* ContestsView.swift in Sources */,
				E3292EBC25E57E27007189EC /* CompletedContestView.swift in Sources */,
				E3997E2E25EACCFD00530C26 /* CompletedContestsListView.swift in Sources */,
				E301E8502600ED69001BD186 /* ReceivedInvitationView.swift in Sources */,
				E301E84B2600ED20001BD186 /* ReceivedInvitationsListView.swift in Sources */,
				E39884D32602BBEE00E8EA5A /* CreateContestInvitationService.swift in Sources */,
				E39884D82603BCFE00E8EA5A /* SplashScreen.swift in Sources */,
				E328B6B125F42C6F0027EBB3 /* InProgressContestsListVM.swift in Sources */,
				E3BA2E25260119D800EAF404 /* SentInvitationsListVM.swift in Sources */,
				E3BA0F1425E153EF00D9C041 /* UpcomingContest.swift in Sources */,
				E301E8642600FB5E001BD186 /* SentInvitationsListView.swift in Sources */,
				E3292ED325E6E0C7007189EC /* CreateUsernameView.swift in Sources */,
				E39EE89725F7CFDF0027968E /* DraftsListView.swift in Sources */,
				E34D80EB25F989440083849C /* DraftPickSelectionView.swift in Sources */,
				E3BA2E1D2601144400EAF404 /* ReceivedInvitationsListVM.swift in Sources */,
				E38B7FC925D82A8D008D8399 /* UIKitTabView.swift in Sources */,
				E3DCE9F725F2871100B063A3 /* ChosenOpponentChip.swift in Sources */,
				E394BDF925CDD434002C89B9 /* BrokeBetsApp.swift in Sources */,
				E3BA2E1726010FDB00EAF404 /* ReceivedInvitationsRepository.swift in Sources */,
				E39EE8A125F926BB0027968E /* Draft.swift in Sources */,
				E3E5C71825F19F0800AAB992 /* InProgressGameView.swift in Sources */,
				E3292ECE25E5BC88007189EC /* CompletedContestGame.swift in Sources */,
				E3C9688525DD90680097963E /* String+Extensions.swift in Sources */,
				E343348925DDC578004027C3 /* UpcomingContestGameView.swift in Sources */,
				E3BBF30B25FD757900EEAF90 /* DraftBoardVM.swift in Sources */,
				E3B621F125DF0FF100B3ACE3 /* CompletedContestBetslipGameView.swift in Sources */,
				E30C2A7325ED99A0000A04CA /* ProfileModalView.swift in Sources */,
				E3F52D5F25EFEB99009B10CE /* InProgressContest.swift in Sources */,
				E39EE88825F69C220027968E /* AvailableDraftGameView.swift in Sources */,
				E30E773125F44AC40069876D /* OpponentSearchVM.swift in Sources */,
				E342063725DC6202000CCE7A /* LoginViewV2.swift in Sources */,
				E3F52D6E25F057A2009B10CE /* LiveGameScoreboard.swift in Sources */,
				E34D80E325F97EFB0083849C /* DraftBetCapsule.swift in Sources */,
				E36039B825F3E937005BFC15 /* InProgressContestGameVM.swift in Sources */,
				E39EE89C25F924340027968E /* DraftsRepository.swift in Sources */,
				E3B621E125DEEBBD00B3ACE3 /* UserService.swift in Sources */,
				E3D8E3E725EC070700A3A88E /* CompletedContestGameView.swift in Sources */,
				E3F52D7425F1329A009B10CE /* CreateContestView.swift in Sources */,
				E3BA0F0C25E153C400D9C041 /* UpcomingContestsRepository.swift in Sources */,
				E39EE8AB25F93EC10027968E /* DraftGame.swift in Sources */,
				E3E3FFF025FBD96000892B5C /* DraftPickSelectionVM.swift in Sources */,
				E301E8552600EE32001BD186 /* AcceptButtonView.swift in Sources */,
				E3B621E925DF0BB500B3ACE3 /* EntireBetslipCompletedGameView.swift in Sources */,
				E3292EB725E57707007189EC /* CustomRoundedRect.swift in Sources */,
				E3EA6C3025FEBDB10019AAC0 /* AppState.swift in Sources */,
				E39884DD2603E44100E8EA5A /* LoadingView.swift in Sources */,
				E39EE89225F7C8D50027968E /* DraftView.swift in Sources */,
				E3C9685E25DD7D100097963E /* LoginView.swift in Sources */,
				E38B7FEF25D82E67008D8399 /* UINavigationController+Extensions.swift in Sources */,
				E38B7FE725D82E27008D8399 /* UITabBarController+Extensions.swift in Sources */,
				E3BA2E2A260119F800EAF404 /* SentInvitationsRepository.swift in Sources */,
			);
			runOnlyForDeploymentPostprocessing = 0;
		};
		E394BE0225CDD435002C89B9 /* Sources */ = {
			isa = PBXSourcesBuildPhase;
			buildActionMask = 2147483647;
			files = (
				84CB814325FFF75700845340 /* DraftRoundUnitTests.swift in Sources */,
				845D3ADC25FD106B00DEE76A /* CompletedContestsUnitTests.swift in Sources */,
				E394BE0B25CDD435002C89B9 /* BrokeBetsTests.swift in Sources */,
				4095F8422606547100913F1B /* SentInvitationUnitTests.swift in Sources */,
				CA2476A325FEEF2000B136FE /* InProgressContestUnitTest.swift in Sources */,
				CA2476AB25FEEF3D00B136FE /* InProgressContestGameTest.swift in Sources */,
				84464B7325FD2B640046B0CF /* CompletedContestGameUnitTests.swift in Sources */,
				84B8EF6525FEC988009BFA04 /* DraftUnitTests.swift in Sources */,
				E3C9E1CA25F5CA5000B719B9 /* TimeFormatStringUnitTests.swift in Sources */,
				4095F80825FD36CF00913F1B /* UpcomingContestGameTest.swift in Sources */,
				84CB814825FFF78100845340 /* DraftGameUnitTests.swift in Sources */,
				4095F80325FD36A400913F1B /* UpcomingContestTest.swift in Sources */,
				4095F84F2606553700913F1B /* ReceivedInvitationUnitTests.swift in Sources */,
				E3E43CAD25EC6A0C00226BBE /* DateFormatStringUnitTests.swift in Sources */,
			);
			runOnlyForDeploymentPostprocessing = 0;
		};
		E394BE0D25CDD435002C89B9 /* Sources */ = {
			isa = PBXSourcesBuildPhase;
			buildActionMask = 2147483647;
			files = (
				E394BE1625CDD435002C89B9 /* BrokeBetsUITests.swift in Sources */,
			);
			runOnlyForDeploymentPostprocessing = 0;
		};
/* End PBXSourcesBuildPhase section */

/* Begin PBXTargetDependency section */
		E394BE0825CDD435002C89B9 /* PBXTargetDependency */ = {
			isa = PBXTargetDependency;
			target = E394BDF425CDD434002C89B9 /* BrokeBets */;
			targetProxy = E394BE0725CDD435002C89B9 /* PBXContainerItemProxy */;
		};
		E394BE1325CDD435002C89B9 /* PBXTargetDependency */ = {
			isa = PBXTargetDependency;
			target = E394BDF425CDD434002C89B9 /* BrokeBets */;
			targetProxy = E394BE1225CDD435002C89B9 /* PBXContainerItemProxy */;
		};
/* End PBXTargetDependency section */

/* Begin XCBuildConfiguration section */
		E394BE1825CDD435002C89B9 /* Debug */ = {
			isa = XCBuildConfiguration;
			buildSettings = {
				ALWAYS_EMBED_SWIFT_STANDARD_LIBRARIES = "$(inherited)";
				ALWAYS_SEARCH_USER_PATHS = NO;
				CLANG_ANALYZER_NONNULL = YES;
				CLANG_ANALYZER_NUMBER_OBJECT_CONVERSION = YES_AGGRESSIVE;
				CLANG_CXX_LANGUAGE_STANDARD = "gnu++14";
				CLANG_CXX_LIBRARY = "libc++";
				CLANG_ENABLE_MODULES = YES;
				CLANG_ENABLE_OBJC_ARC = YES;
				CLANG_ENABLE_OBJC_WEAK = YES;
				CLANG_WARN_BLOCK_CAPTURE_AUTORELEASING = YES;
				CLANG_WARN_BOOL_CONVERSION = YES;
				CLANG_WARN_COMMA = YES;
				CLANG_WARN_CONSTANT_CONVERSION = YES;
				CLANG_WARN_DEPRECATED_OBJC_IMPLEMENTATIONS = YES;
				CLANG_WARN_DIRECT_OBJC_ISA_USAGE = YES_ERROR;
				CLANG_WARN_DOCUMENTATION_COMMENTS = YES;
				CLANG_WARN_EMPTY_BODY = YES;
				CLANG_WARN_ENUM_CONVERSION = YES;
				CLANG_WARN_INFINITE_RECURSION = YES;
				CLANG_WARN_INT_CONVERSION = YES;
				CLANG_WARN_NON_LITERAL_NULL_CONVERSION = YES;
				CLANG_WARN_OBJC_IMPLICIT_RETAIN_SELF = YES;
				CLANG_WARN_OBJC_LITERAL_CONVERSION = YES;
				CLANG_WARN_OBJC_ROOT_CLASS = YES_ERROR;
				CLANG_WARN_QUOTED_INCLUDE_IN_FRAMEWORK_HEADER = YES;
				CLANG_WARN_RANGE_LOOP_ANALYSIS = YES;
				CLANG_WARN_STRICT_PROTOTYPES = YES;
				CLANG_WARN_SUSPICIOUS_MOVE = YES;
				CLANG_WARN_UNGUARDED_AVAILABILITY = YES_AGGRESSIVE;
				CLANG_WARN_UNREACHABLE_CODE = YES;
				CLANG_WARN__DUPLICATE_METHOD_MATCH = YES;
				COPY_PHASE_STRIP = NO;
				DEBUG_INFORMATION_FORMAT = dwarf;
				ENABLE_STRICT_OBJC_MSGSEND = YES;
				ENABLE_TESTABILITY = YES;
				GCC_C_LANGUAGE_STANDARD = gnu11;
				GCC_DYNAMIC_NO_PIC = NO;
				GCC_NO_COMMON_BLOCKS = YES;
				GCC_OPTIMIZATION_LEVEL = 0;
				GCC_PREPROCESSOR_DEFINITIONS = (
					"DEBUG=1",
					"$(inherited)",
				);
				GCC_WARN_64_TO_32_BIT_CONVERSION = YES;
				GCC_WARN_ABOUT_RETURN_TYPE = YES_ERROR;
				GCC_WARN_UNDECLARED_SELECTOR = YES;
				GCC_WARN_UNINITIALIZED_AUTOS = YES_AGGRESSIVE;
				GCC_WARN_UNUSED_FUNCTION = YES;
				GCC_WARN_UNUSED_VARIABLE = YES;
				IPHONEOS_DEPLOYMENT_TARGET = 14.4;
				MTL_ENABLE_DEBUG_INFO = INCLUDE_SOURCE;
				MTL_FAST_MATH = YES;
				ONLY_ACTIVE_ARCH = YES;
				SDKROOT = iphoneos;
				SWIFT_ACTIVE_COMPILATION_CONDITIONS = DEBUG;
				SWIFT_OPTIMIZATION_LEVEL = "-Onone";
			};
			name = Debug;
		};
		E394BE1925CDD435002C89B9 /* Release */ = {
			isa = XCBuildConfiguration;
			buildSettings = {
				ALWAYS_EMBED_SWIFT_STANDARD_LIBRARIES = "$(inherited)";
				ALWAYS_SEARCH_USER_PATHS = NO;
				CLANG_ANALYZER_NONNULL = YES;
				CLANG_ANALYZER_NUMBER_OBJECT_CONVERSION = YES_AGGRESSIVE;
				CLANG_CXX_LANGUAGE_STANDARD = "gnu++14";
				CLANG_CXX_LIBRARY = "libc++";
				CLANG_ENABLE_MODULES = YES;
				CLANG_ENABLE_OBJC_ARC = YES;
				CLANG_ENABLE_OBJC_WEAK = YES;
				CLANG_WARN_BLOCK_CAPTURE_AUTORELEASING = YES;
				CLANG_WARN_BOOL_CONVERSION = YES;
				CLANG_WARN_COMMA = YES;
				CLANG_WARN_CONSTANT_CONVERSION = YES;
				CLANG_WARN_DEPRECATED_OBJC_IMPLEMENTATIONS = YES;
				CLANG_WARN_DIRECT_OBJC_ISA_USAGE = YES_ERROR;
				CLANG_WARN_DOCUMENTATION_COMMENTS = YES;
				CLANG_WARN_EMPTY_BODY = YES;
				CLANG_WARN_ENUM_CONVERSION = YES;
				CLANG_WARN_INFINITE_RECURSION = YES;
				CLANG_WARN_INT_CONVERSION = YES;
				CLANG_WARN_NON_LITERAL_NULL_CONVERSION = YES;
				CLANG_WARN_OBJC_IMPLICIT_RETAIN_SELF = YES;
				CLANG_WARN_OBJC_LITERAL_CONVERSION = YES;
				CLANG_WARN_OBJC_ROOT_CLASS = YES_ERROR;
				CLANG_WARN_QUOTED_INCLUDE_IN_FRAMEWORK_HEADER = YES;
				CLANG_WARN_RANGE_LOOP_ANALYSIS = YES;
				CLANG_WARN_STRICT_PROTOTYPES = YES;
				CLANG_WARN_SUSPICIOUS_MOVE = YES;
				CLANG_WARN_UNGUARDED_AVAILABILITY = YES_AGGRESSIVE;
				CLANG_WARN_UNREACHABLE_CODE = YES;
				CLANG_WARN__DUPLICATE_METHOD_MATCH = YES;
				COPY_PHASE_STRIP = NO;
				DEBUG_INFORMATION_FORMAT = "dwarf-with-dsym";
				ENABLE_NS_ASSERTIONS = NO;
				ENABLE_STRICT_OBJC_MSGSEND = YES;
				GCC_C_LANGUAGE_STANDARD = gnu11;
				GCC_NO_COMMON_BLOCKS = YES;
				GCC_WARN_64_TO_32_BIT_CONVERSION = YES;
				GCC_WARN_ABOUT_RETURN_TYPE = YES_ERROR;
				GCC_WARN_UNDECLARED_SELECTOR = YES;
				GCC_WARN_UNINITIALIZED_AUTOS = YES_AGGRESSIVE;
				GCC_WARN_UNUSED_FUNCTION = YES;
				GCC_WARN_UNUSED_VARIABLE = YES;
				IPHONEOS_DEPLOYMENT_TARGET = 14.4;
				MTL_ENABLE_DEBUG_INFO = NO;
				MTL_FAST_MATH = YES;
				SDKROOT = iphoneos;
				SWIFT_COMPILATION_MODE = wholemodule;
				SWIFT_OPTIMIZATION_LEVEL = "-O";
				VALIDATE_PRODUCT = YES;
			};
			name = Release;
		};
		E394BE1B25CDD435002C89B9 /* Debug */ = {
			isa = XCBuildConfiguration;
			baseConfigurationReference = 71EED93567F6274CBA95B207 /* Pods-BrokeBets.debug.xcconfig */;
			buildSettings = {
				ALWAYS_EMBED_SWIFT_STANDARD_LIBRARIES = "$(inherited)";
				ASSETCATALOG_COMPILER_APPICON_NAME = AppIcon;
				ASSETCATALOG_COMPILER_GLOBAL_ACCENT_COLOR_NAME = AccentColor;
				CODE_SIGN_ENTITLEMENTS = BrokeBets/BrokeBets.entitlements;
				CODE_SIGN_STYLE = Automatic;
				CURRENT_PROJECT_VERSION = 8;
				DEVELOPMENT_ASSET_PATHS = "\"BrokeBets/Preview Content\"";
				DEVELOPMENT_TEAM = 634WNQRUXY;
				ENABLE_PREVIEWS = YES;
				INFOPLIST_FILE = BrokeBets/Info.plist;
				IPHONEOS_DEPLOYMENT_TARGET = 14.4;
				LD_RUNPATH_SEARCH_PATHS = (
					"$(inherited)",
					"@executable_path/Frameworks",
				);
				MARKETING_VERSION = 1.1;
				PRODUCT_BUNDLE_IDENTIFIER = com.brokebets.BrokeBets;
				PRODUCT_NAME = "$(TARGET_NAME)";
				SWIFT_VERSION = 5.0;
				TARGETED_DEVICE_FAMILY = 1;
			};
			name = Debug;
		};
		E394BE1C25CDD435002C89B9 /* Release */ = {
			isa = XCBuildConfiguration;
			baseConfigurationReference = 40C596F50F10E2D82C5EE325 /* Pods-BrokeBets.release.xcconfig */;
			buildSettings = {
				ALWAYS_EMBED_SWIFT_STANDARD_LIBRARIES = "$(inherited)";
				ASSETCATALOG_COMPILER_APPICON_NAME = AppIcon;
				ASSETCATALOG_COMPILER_GLOBAL_ACCENT_COLOR_NAME = AccentColor;
				CODE_SIGN_ENTITLEMENTS = BrokeBets/BrokeBets.entitlements;
				CODE_SIGN_STYLE = Automatic;
				CURRENT_PROJECT_VERSION = 8;
				DEVELOPMENT_ASSET_PATHS = "\"BrokeBets/Preview Content\"";
				DEVELOPMENT_TEAM = 634WNQRUXY;
				ENABLE_PREVIEWS = YES;
				INFOPLIST_FILE = BrokeBets/Info.plist;
				IPHONEOS_DEPLOYMENT_TARGET = 14.4;
				LD_RUNPATH_SEARCH_PATHS = (
					"$(inherited)",
					"@executable_path/Frameworks",
				);
				MARKETING_VERSION = 1.1;
				PRODUCT_BUNDLE_IDENTIFIER = com.brokebets.BrokeBets;
				PRODUCT_NAME = "$(TARGET_NAME)";
				SWIFT_VERSION = 5.0;
				TARGETED_DEVICE_FAMILY = 1;
			};
			name = Release;
		};
		E394BE1E25CDD435002C89B9 /* Debug */ = {
			isa = XCBuildConfiguration;
			baseConfigurationReference = CC6F103B9C84320B302281C0 /* Pods-BrokeBetsTests.debug.xcconfig */;
			buildSettings = {
				ALWAYS_EMBED_SWIFT_STANDARD_LIBRARIES = "$(inherited)";
				BUNDLE_LOADER = "$(TEST_HOST)";
				CODE_SIGN_STYLE = Automatic;
				INFOPLIST_FILE = BrokeBetsTests/Info.plist;
				IPHONEOS_DEPLOYMENT_TARGET = 14.4;
				LD_RUNPATH_SEARCH_PATHS = (
					"$(inherited)",
					"@executable_path/Frameworks",
					"@loader_path/Frameworks",
				);
				PRODUCT_BUNDLE_IDENTIFIER = com.brokebets.BrokeBetsTests;
				PRODUCT_NAME = "$(TARGET_NAME)";
				SWIFT_VERSION = 5.0;
				TARGETED_DEVICE_FAMILY = "1,2";
				TEST_HOST = "$(BUILT_PRODUCTS_DIR)/BrokeBets.app/BrokeBets";
			};
			name = Debug;
		};
		E394BE1F25CDD435002C89B9 /* Release */ = {
			isa = XCBuildConfiguration;
			baseConfigurationReference = D8597B5732F19E9C927F860A /* Pods-BrokeBetsTests.release.xcconfig */;
			buildSettings = {
				ALWAYS_EMBED_SWIFT_STANDARD_LIBRARIES = "$(inherited)";
				BUNDLE_LOADER = "$(TEST_HOST)";
				CODE_SIGN_STYLE = Automatic;
				INFOPLIST_FILE = BrokeBetsTests/Info.plist;
				IPHONEOS_DEPLOYMENT_TARGET = 14.4;
				LD_RUNPATH_SEARCH_PATHS = (
					"$(inherited)",
					"@executable_path/Frameworks",
					"@loader_path/Frameworks",
				);
				PRODUCT_BUNDLE_IDENTIFIER = com.brokebets.BrokeBetsTests;
				PRODUCT_NAME = "$(TARGET_NAME)";
				SWIFT_VERSION = 5.0;
				TARGETED_DEVICE_FAMILY = "1,2";
				TEST_HOST = "$(BUILT_PRODUCTS_DIR)/BrokeBets.app/BrokeBets";
			};
			name = Release;
		};
		E394BE2125CDD435002C89B9 /* Debug */ = {
			isa = XCBuildConfiguration;
			baseConfigurationReference = 1F98490B460D6530CB2D949E /* Pods-BrokeBets-BrokeBetsUITests.debug.xcconfig */;
			buildSettings = {
				ALWAYS_EMBED_SWIFT_STANDARD_LIBRARIES = "$(inherited)";
				CODE_SIGN_STYLE = Automatic;
				INFOPLIST_FILE = BrokeBetsUITests/Info.plist;
				LD_RUNPATH_SEARCH_PATHS = (
					"$(inherited)",
					"@executable_path/Frameworks",
					"@loader_path/Frameworks",
				);
				PRODUCT_BUNDLE_IDENTIFIER = com.brokebets.BrokeBetsUITests;
				PRODUCT_NAME = "$(TARGET_NAME)";
				SWIFT_VERSION = 5.0;
				TARGETED_DEVICE_FAMILY = "1,2";
				TEST_TARGET_NAME = BrokeBets;
			};
			name = Debug;
		};
		E394BE2225CDD435002C89B9 /* Release */ = {
			isa = XCBuildConfiguration;
			baseConfigurationReference = E57D43A721104E5D54A2B9C1 /* Pods-BrokeBets-BrokeBetsUITests.release.xcconfig */;
			buildSettings = {
				ALWAYS_EMBED_SWIFT_STANDARD_LIBRARIES = "$(inherited)";
				CODE_SIGN_STYLE = Automatic;
				INFOPLIST_FILE = BrokeBetsUITests/Info.plist;
				LD_RUNPATH_SEARCH_PATHS = (
					"$(inherited)",
					"@executable_path/Frameworks",
					"@loader_path/Frameworks",
				);
				PRODUCT_BUNDLE_IDENTIFIER = com.brokebets.BrokeBetsUITests;
				PRODUCT_NAME = "$(TARGET_NAME)";
				SWIFT_VERSION = 5.0;
				TARGETED_DEVICE_FAMILY = "1,2";
				TEST_TARGET_NAME = BrokeBets;
			};
			name = Release;
		};
/* End XCBuildConfiguration section */

/* Begin XCConfigurationList section */
		E394BDF025CDD434002C89B9 /* Build configuration list for PBXProject "BrokeBets" */ = {
			isa = XCConfigurationList;
			buildConfigurations = (
				E394BE1825CDD435002C89B9 /* Debug */,
				E394BE1925CDD435002C89B9 /* Release */,
			);
			defaultConfigurationIsVisible = 0;
			defaultConfigurationName = Release;
		};
		E394BE1A25CDD435002C89B9 /* Build configuration list for PBXNativeTarget "BrokeBets" */ = {
			isa = XCConfigurationList;
			buildConfigurations = (
				E394BE1B25CDD435002C89B9 /* Debug */,
				E394BE1C25CDD435002C89B9 /* Release */,
			);
			defaultConfigurationIsVisible = 0;
			defaultConfigurationName = Release;
		};
		E394BE1D25CDD435002C89B9 /* Build configuration list for PBXNativeTarget "BrokeBetsTests" */ = {
			isa = XCConfigurationList;
			buildConfigurations = (
				E394BE1E25CDD435002C89B9 /* Debug */,
				E394BE1F25CDD435002C89B9 /* Release */,
			);
			defaultConfigurationIsVisible = 0;
			defaultConfigurationName = Release;
		};
		E394BE2025CDD435002C89B9 /* Build configuration list for PBXNativeTarget "BrokeBetsUITests" */ = {
			isa = XCConfigurationList;
			buildConfigurations = (
				E394BE2125CDD435002C89B9 /* Debug */,
				E394BE2225CDD435002C89B9 /* Release */,
			);
			defaultConfigurationIsVisible = 0;
			defaultConfigurationName = Release;
		};
/* End XCConfigurationList section */
	};
	rootObject = E394BDED25CDD434002C89B9 /* Project object */;
}
